// !$*UTF8*$!
{
	archiveVersion = 1;
	classes = {
	};
	objectVersion = 60;
	objects = {

/* Begin PBXBuildFile section */
		DF010EF92B4DDDAA0062DCCA /* SDL2_image.framework in Frameworks */ = {isa = PBXBuildFile; fileRef = DFF91E9F2B260B5B00507957 /* SDL2_image.framework */; };
		DF010EFA2B4DDDAA0062DCCA /* SDL2_image.framework in Embed Frameworks */ = {isa = PBXBuildFile; fileRef = DFF91E9F2B260B5B00507957 /* SDL2_image.framework */; settings = {ATTRIBUTES = (RemoveHeadersOnCopy, ); }; };
		DF010EFB2B4DDDAA0062DCCA /* SDL2_mixer.framework in Frameworks */ = {isa = PBXBuildFile; fileRef = DFF91E9B2B260B5B00507957 /* SDL2_mixer.framework */; };
		DF010EFC2B4DDDAA0062DCCA /* SDL2_mixer.framework in Embed Frameworks */ = {isa = PBXBuildFile; fileRef = DFF91E9B2B260B5B00507957 /* SDL2_mixer.framework */; settings = {ATTRIBUTES = (RemoveHeadersOnCopy, ); }; };
		DF010EFD2B4DDDAA0062DCCA /* SDL2_ttf.framework in Frameworks */ = {isa = PBXBuildFile; fileRef = DFF91E9E2B260B5B00507957 /* SDL2_ttf.framework */; };
		DF010EFE2B4DDDAA0062DCCA /* SDL2_ttf.framework in Embed Frameworks */ = {isa = PBXBuildFile; fileRef = DFF91E9E2B260B5B00507957 /* SDL2_ttf.framework */; settings = {ATTRIBUTES = (RemoveHeadersOnCopy, ); }; };
		DF010EFF2B4DDDAA0062DCCA /* SDL2.framework in Frameworks */ = {isa = PBXBuildFile; fileRef = DFF91E9C2B260B5B00507957 /* SDL2.framework */; };
		DF010F002B4DDDAA0062DCCA /* SDL2.framework in Embed Frameworks */ = {isa = PBXBuildFile; fileRef = DFF91E9C2B260B5B00507957 /* SDL2.framework */; settings = {ATTRIBUTES = (RemoveHeadersOnCopy, ); }; };
		DF07B3E52B2A14CE00B732CF /* GStreamer.framework in Frameworks */ = {isa = PBXBuildFile; fileRef = DF07B3E42B2A14CE00B732CF /* GStreamer.framework */; };
		DF07B3E62B2A14CE00B732CF /* GStreamer.framework in Embed Frameworks */ = {isa = PBXBuildFile; fileRef = DF07B3E42B2A14CE00B732CF /* GStreamer.framework */; settings = {ATTRIBUTES = (CodeSignOnCopy, RemoveHeadersOnCopy, ); }; };
		DF0EFCA42EB63589008F5DAB /* KeyboardHandler.cpp in Sources */ = {isa = PBXBuildFile; fileRef = DF0EFC312EB63589008F5DAB /* KeyboardHandler.cpp */; };
		DF0EFCA52EB63589008F5DAB /* MouseButtonHandler.cpp in Sources */ = {isa = PBXBuildFile; fileRef = DF0EFC322EB63589008F5DAB /* MouseButtonHandler.cpp */; };
		DF0EFCA62EB63589008F5DAB /* JoyAxisHandler.cpp in Sources */ = {isa = PBXBuildFile; fileRef = DF0EFC352EB63589008F5DAB /* JoyAxisHandler.cpp */; };
		DF0EFCA72EB63589008F5DAB /* JoyButtonHandler.cpp in Sources */ = {isa = PBXBuildFile; fileRef = DF0EFC3A2EB63589008F5DAB /* JoyButtonHandler.cpp */; };
		DF0EFCA82EB63589008F5DAB /* JoyHatHandler.cpp in Sources */ = {isa = PBXBuildFile; fileRef = DF0EFC3B2EB63589008F5DAB /* JoyHatHandler.cpp */; };
		DF0EFCA92EB63589008F5DAB /* UserInput.cpp in Sources */ = {isa = PBXBuildFile; fileRef = DF0EFC3D2EB63589008F5DAB /* UserInput.cpp */; };
		DF0EFCAA2EB63589008F5DAB /* SDL.cpp in Sources */ = {isa = PBXBuildFile; fileRef = DF0EFC3E2EB63589008F5DAB /* SDL.cpp */; };
		DF0EFCAB2EB63589008F5DAB /* Menu.cpp in Sources */ = {isa = PBXBuildFile; fileRef = DF0EFC402EB63589008F5DAB /* Menu.cpp */; };
		DF0EFCAC2EB63589008F5DAB /* Sound.cpp in Sources */ = {isa = PBXBuildFile; fileRef = DF0EFC442EB63589008F5DAB /* Sound.cpp */; };
		DF0EFCAD2EB63589008F5DAB /* Log.cpp in Sources */ = {isa = PBXBuildFile; fileRef = DF0EFC472EB63589008F5DAB /* Log.cpp */; };
		DF0EFCAE2EB63589008F5DAB /* Utils.cpp in Sources */ = {isa = PBXBuildFile; fileRef = DF0EFC482EB63589008F5DAB /* Utils.cpp */; };
		DF0EFCAF2EB63589008F5DAB /* MenuParser.cpp in Sources */ = {isa = PBXBuildFile; fileRef = DF0EFC4B2EB63589008F5DAB /* MenuParser.cpp */; };
		DF0EFCB02EB63589008F5DAB /* Item.cpp in Sources */ = {isa = PBXBuildFile; fileRef = DF0EFC4F2EB63589008F5DAB /* Item.cpp */; };
		DF0EFCB12EB63589008F5DAB /* CollectionInfoBuilder.cpp in Sources */ = {isa = PBXBuildFile; fileRef = DF0EFC512EB63589008F5DAB /* CollectionInfoBuilder.cpp */; };
		DF0EFCB22EB63589008F5DAB /* CollectionInfo.cpp in Sources */ = {isa = PBXBuildFile; fileRef = DF0EFC522EB63589008F5DAB /* CollectionInfo.cpp */; };
		DF0EFCB32EB63589008F5DAB /* RetroFE.cpp in Sources */ = {isa = PBXBuildFile; fileRef = DF0EFC532EB63589008F5DAB /* RetroFE.cpp */; };
		DF0EFCB42EB63589008F5DAB /* VideoPool.cpp in Sources */ = {isa = PBXBuildFile; fileRef = DF0EFC572EB63589008F5DAB /* VideoPool.cpp */; };
		DF0EFCB52EB63589008F5DAB /* GStreamerVideo.cpp in Sources */ = {isa = PBXBuildFile; fileRef = DF0EFC582EB63589008F5DAB /* GStreamerVideo.cpp */; };
		DF0EFCB62EB63589008F5DAB /* VideoFactory.cpp in Sources */ = {isa = PBXBuildFile; fileRef = DF0EFC5A2EB63589008F5DAB /* VideoFactory.cpp */; };
		DF0EFCB72EB63589008F5DAB /* AttractMode.cpp in Sources */ = {isa = PBXBuildFile; fileRef = DF0EFC602EB63589008F5DAB /* AttractMode.cpp */; };
		DF0EFCB82EB63589008F5DAB /* Launcher.cpp in Sources */ = {isa = PBXBuildFile; fileRef = DF0EFC612EB63589008F5DAB /* Launcher.cpp */; };
		DF0EFCB92EB63589008F5DAB /* DB.cpp in Sources */ = {isa = PBXBuildFile; fileRef = DF0EFC632EB63589008F5DAB /* DB.cpp */; };
		DF0EFCBA2EB63589008F5DAB /* GlobalOpts.cpp in Sources */ = {isa = PBXBuildFile; fileRef = DF0EFC652EB63589008F5DAB /* GlobalOpts.cpp */; };
		DF0EFCBB2EB63589008F5DAB /* HiScores.cpp in Sources */ = {isa = PBXBuildFile; fileRef = DF0EFC6A2EB63589008F5DAB /* HiScores.cpp */; };
		DF0EFCBC2EB63589008F5DAB /* MetadataDatabase.cpp in Sources */ = {isa = PBXBuildFile; fileRef = DF0EFC6B2EB63589008F5DAB /* MetadataDatabase.cpp */; };
		DF0EFCBD2EB63589008F5DAB /* Configuration.cpp in Sources */ = {isa = PBXBuildFile; fileRef = DF0EFC6D2EB63589008F5DAB /* Configuration.cpp */; };
		DF0EFCBE2EB63589008F5DAB /* Main.cpp in Sources */ = {isa = PBXBuildFile; fileRef = DF0EFC6E2EB63589008F5DAB /* Main.cpp */; };
		DF0EFCBF2EB63589008F5DAB /* Page.cpp in Sources */ = {isa = PBXBuildFile; fileRef = DF0EFC712EB63589008F5DAB /* Page.cpp */; };
		DF0EFCC02EB6358A008F5DAB /* Tween.cpp in Sources */ = {isa = PBXBuildFile; fileRef = DF0EFC762EB63589008F5DAB /* Tween.cpp */; };
		DF0EFCC12EB6358A008F5DAB /* AnimationEvents.cpp in Sources */ = {isa = PBXBuildFile; fileRef = DF0EFC772EB63589008F5DAB /* AnimationEvents.cpp */; };
		DF0EFCC22EB6358A008F5DAB /* Animation.cpp in Sources */ = {isa = PBXBuildFile; fileRef = DF0EFC782EB63589008F5DAB /* Animation.cpp */; };
		DF0EFCC32EB6358A008F5DAB /* TweenSet.cpp in Sources */ = {isa = PBXBuildFile; fileRef = DF0EFC7C2EB63589008F5DAB /* TweenSet.cpp */; };
		DF0EFCC42EB6358A008F5DAB /* ComponentItemBinding.cpp in Sources */ = {isa = PBXBuildFile; fileRef = DF0EFC7E2EB63589008F5DAB /* ComponentItemBinding.cpp */; };
		DF0EFCC52EB6358A008F5DAB /* Font.cpp in Sources */ = {isa = PBXBuildFile; fileRef = DF0EFC802EB63589008F5DAB /* Font.cpp */; };
		DF0EFCC62EB6358A008F5DAB /* ReloadableHiscores.cpp in Sources */ = {isa = PBXBuildFile; fileRef = DF0EFC842EB63589008F5DAB /* ReloadableHiscores.cpp */; };
		DF0EFCC72EB6358A008F5DAB /* ReloadableMedia.cpp in Sources */ = {isa = PBXBuildFile; fileRef = DF0EFC852EB63589008F5DAB /* ReloadableMedia.cpp */; };
		DF0EFCC82EB6358A008F5DAB /* Image.cpp in Sources */ = {isa = PBXBuildFile; fileRef = DF0EFC862EB63589008F5DAB /* Image.cpp */; };
		DF0EFCC92EB6358A008F5DAB /* Text.cpp in Sources */ = {isa = PBXBuildFile; fileRef = DF0EFC872EB63589008F5DAB /* Text.cpp */; };
		DF0EFCCA2EB6358A008F5DAB /* ImageBuilder.cpp in Sources */ = {isa = PBXBuildFile; fileRef = DF0EFC892EB63589008F5DAB /* ImageBuilder.cpp */; };
		DF0EFCCB2EB6358A008F5DAB /* VideoComponent.cpp in Sources */ = {isa = PBXBuildFile; fileRef = DF0EFC8B2EB63589008F5DAB /* VideoComponent.cpp */; };
		DF0EFCCC2EB6358A008F5DAB /* Component.cpp in Sources */ = {isa = PBXBuildFile; fileRef = DF0EFC8C2EB63589008F5DAB /* Component.cpp */; };
		DF0EFCCD2EB6358A008F5DAB /* ReloadableScrollingText.cpp in Sources */ = {isa = PBXBuildFile; fileRef = DF0EFC912EB63589008F5DAB /* ReloadableScrollingText.cpp */; };
		DF0EFCCE2EB6358A008F5DAB /* ScrollingList.cpp in Sources */ = {isa = PBXBuildFile; fileRef = DF0EFC952EB63589008F5DAB /* ScrollingList.cpp */; };
		DF0EFCCF2EB6358A008F5DAB /* Container.cpp in Sources */ = {isa = PBXBuildFile; fileRef = DF0EFC962EB63589008F5DAB /* Container.cpp */; };
		DF0EFCD02EB6358A008F5DAB /* VideoBuilder.cpp in Sources */ = {isa = PBXBuildFile; fileRef = DF0EFC972EB63589008F5DAB /* VideoBuilder.cpp */; };
		DF0EFCD12EB6358A008F5DAB /* ReloadableText.cpp in Sources */ = {isa = PBXBuildFile; fileRef = DF0EFC982EB63589008F5DAB /* ReloadableText.cpp */; };
		DF0EFCD22EB6358A008F5DAB /* FontCache.cpp in Sources */ = {isa = PBXBuildFile; fileRef = DF0EFC9A2EB63589008F5DAB /* FontCache.cpp */; };
		DF0EFCD32EB6358A008F5DAB /* ComponentItemBindingBuilder.cpp in Sources */ = {isa = PBXBuildFile; fileRef = DF0EFC9C2EB63589008F5DAB /* ComponentItemBindingBuilder.cpp */; };
		DF0EFCD42EB6358A008F5DAB /* ThreadPool.cpp in Sources */ = {isa = PBXBuildFile; fileRef = DF0EFCA02EB63589008F5DAB /* ThreadPool.cpp */; };
		DF0EFCD52EB6358A008F5DAB /* ViewInfo.cpp in Sources */ = {isa = PBXBuildFile; fileRef = DF0EFCA12EB63589008F5DAB /* ViewInfo.cpp */; };
		DF0EFCD62EB6358A008F5DAB /* PageBuilder.cpp in Sources */ = {isa = PBXBuildFile; fileRef = DF0EFCA32EB63589008F5DAB /* PageBuilder.cpp */; };
		DF0EFCDA2EB635D8008F5DAB /* sqlite3.c in Sources */ = {isa = PBXBuildFile; fileRef = DF0EFCD92EB635D8008F5DAB /* sqlite3.c */; };
		DF87A17A2B152AAB00548E78 /* RetroFE.png in Resources */ = {isa = PBXBuildFile; fileRef = DF87A1792B152AA400548E78 /* RetroFE.png */; };
		DFC83C8A2D57973600AA7522 /* webp.framework in Embed Frameworks */ = {isa = PBXBuildFile; fileRef = DFC83C882D57973600AA7522 /* webp.framework */; settings = {ATTRIBUTES = (CodeSignOnCopy, RemoveHeadersOnCopy, ); }; };
		DFC83C8B2D57973600AA7522 /* libusb-1.0.0.dylib in Embed Frameworks */ = {isa = PBXBuildFile; fileRef = DFC83C892D57973600AA7522 /* libusb-1.0.0.dylib */; settings = {ATTRIBUTES = (CodeSignOnCopy, ); }; };
		DFC83C8D2D5797A200AA7522 /* IOKit.framework in Frameworks */ = {isa = PBXBuildFile; fileRef = DFC83C8C2D5797A200AA7522 /* IOKit.framework */; };
		DFC83C8F2D5797A700AA7522 /* CoreFoundation.framework in Frameworks */ = {isa = PBXBuildFile; fileRef = DFC83C8E2D5797A700AA7522 /* CoreFoundation.framework */; };
		DFC83C902D579B1500AA7522 /* webp.framework in Frameworks */ = {isa = PBXBuildFile; fileRef = DFC83C882D57973600AA7522 /* webp.framework */; };
		DFC83C912D579B1900AA7522 /* libusb-1.0.0.dylib in Frameworks */ = {isa = PBXBuildFile; fileRef = DFC83C892D57973600AA7522 /* libusb-1.0.0.dylib */; };
		DFC83C972D579B7800AA7522 /* libminizip.dylib in Frameworks */ = {isa = PBXBuildFile; fileRef = DFC83C962D579B7800AA7522 /* libminizip.dylib */; };
		DFC83C982D579C0A00AA7522 /* libminizip.dylib in Embed Frameworks */ = {isa = PBXBuildFile; fileRef = DFC83C962D579B7800AA7522 /* libminizip.dylib */; settings = {ATTRIBUTES = (CodeSignOnCopy, ); }; };
/* End PBXBuildFile section */

/* Begin PBXCopyFilesBuildPhase section */
		DFF91EAC2B26200900507957 /* Embed Frameworks */ = {
			isa = PBXCopyFilesBuildPhase;
			buildActionMask = 12;
			dstPath = "";
			dstSubfolderSpec = 10;
			files = (
				DFC83C982D579C0A00AA7522 /* libminizip.dylib in Embed Frameworks */,
				DFC83C8B2D57973600AA7522 /* libusb-1.0.0.dylib in Embed Frameworks */,
				DFC83C8A2D57973600AA7522 /* webp.framework in Embed Frameworks */,
				DF07B3E62B2A14CE00B732CF /* GStreamer.framework in Embed Frameworks */,
				DF010F002B4DDDAA0062DCCA /* SDL2.framework in Embed Frameworks */,
				DF010EFE2B4DDDAA0062DCCA /* SDL2_ttf.framework in Embed Frameworks */,
				DF010EFC2B4DDDAA0062DCCA /* SDL2_mixer.framework in Embed Frameworks */,
				DF010EFA2B4DDDAA0062DCCA /* SDL2_image.framework in Embed Frameworks */,
			);
			name = "Embed Frameworks";
			runOnlyForDeploymentPostprocessing = 0;
		};
/* End PBXCopyFilesBuildPhase section */

/* Begin PBXFileReference section */
		1B5B0776E6324B4195FFDB16 /* RetroFE.app */ = {isa = PBXFileReference; explicitFileType = wrapper.application; path = RetroFE.app; sourceTree = BUILT_PRODUCTS_DIR; };
		DF010EF62B4DD80C0062DCCA /* libc++.1.tbd */ = {isa = PBXFileReference; lastKnownFileType = "sourcecode.text-based-dylib-definition"; name = "libc++.1.tbd"; path = "../../../../../../../Applications/Xcode.app/Contents/Developer/Platforms/MacOSX.platform/Developer/SDKs/MacOSX14.0.sdk/usr/lib/libc++.1.tbd"; sourceTree = SOURCE_ROOT; };
		DF010EF72B4DD8150062DCCA /* libSystem.B.tbd */ = {isa = PBXFileReference; lastKnownFileType = "sourcecode.text-based-dylib-definition"; name = libSystem.B.tbd; path = ../../../../../../../Applications/Xcode.app/Contents/Developer/Platforms/MacOSX.platform/Developer/SDKs/MacOSX14.0.sdk/usr/lib/libSystem.B.tbd; sourceTree = SOURCE_ROOT; };
		DF010EF82B4DD81C0062DCCA /* libz.1.tbd */ = {isa = PBXFileReference; lastKnownFileType = "sourcecode.text-based-dylib-definition"; name = libz.1.tbd; path = ../../../../../../../Applications/Xcode.app/Contents/Developer/Platforms/MacOSX.platform/Developer/SDKs/MacOSX14.0.sdk/usr/lib/libz.1.tbd; sourceTree = SOURCE_ROOT; };
		DF07B3E42B2A14CE00B732CF /* GStreamer.framework */ = {isa = PBXFileReference; lastKnownFileType = wrapper.framework; name = GStreamer.framework; path = ../ThirdPartyMac/GStreamer.framework; sourceTree = SOURCE_ROOT; };
		DF0EFC2F2EB63589008F5DAB /* RetroFE.h */ = {isa = PBXFileReference; fileEncoding = 4; lastKnownFileType = sourcecode.c.h; path = RetroFE.h; sourceTree = "<group>"; };
		DF0EFC312EB63589008F5DAB /* KeyboardHandler.cpp */ = {isa = PBXFileReference; fileEncoding = 4; lastKnownFileType = sourcecode.cpp.cpp; path = KeyboardHandler.cpp; sourceTree = "<group>"; };
		DF0EFC322EB63589008F5DAB /* MouseButtonHandler.cpp */ = {isa = PBXFileReference; fileEncoding = 4; lastKnownFileType = sourcecode.cpp.cpp; path = MouseButtonHandler.cpp; sourceTree = "<group>"; };
		DF0EFC332EB63589008F5DAB /* UserInput.h */ = {isa = PBXFileReference; fileEncoding = 4; lastKnownFileType = sourcecode.c.h; path = UserInput.h; sourceTree = "<group>"; };
		DF0EFC342EB63589008F5DAB /* KeyboardHandler.h */ = {isa = PBXFileReference; fileEncoding = 4; lastKnownFileType = sourcecode.c.h; path = KeyboardHandler.h; sourceTree = "<group>"; };
		DF0EFC352EB63589008F5DAB /* JoyAxisHandler.cpp */ = {isa = PBXFileReference; fileEncoding = 4; lastKnownFileType = sourcecode.cpp.cpp; path = JoyAxisHandler.cpp; sourceTree = "<group>"; };
		DF0EFC362EB63589008F5DAB /* JoyHatHandler.h */ = {isa = PBXFileReference; fileEncoding = 4; lastKnownFileType = sourcecode.c.h; path = JoyHatHandler.h; sourceTree = "<group>"; };
		DF0EFC372EB63589008F5DAB /* JoyAxisHandler.h */ = {isa = PBXFileReference; fileEncoding = 4; lastKnownFileType = sourcecode.c.h; path = JoyAxisHandler.h; sourceTree = "<group>"; };
		DF0EFC382EB63589008F5DAB /* InputHandler.h */ = {isa = PBXFileReference; fileEncoding = 4; lastKnownFileType = sourcecode.c.h; path = InputHandler.h; sourceTree = "<group>"; };
		DF0EFC392EB63589008F5DAB /* MouseButtonHandler.h */ = {isa = PBXFileReference; fileEncoding = 4; lastKnownFileType = sourcecode.c.h; path = MouseButtonHandler.h; sourceTree = "<group>"; };
		DF0EFC3A2EB63589008F5DAB /* JoyButtonHandler.cpp */ = {isa = PBXFileReference; fileEncoding = 4; lastKnownFileType = sourcecode.cpp.cpp; path = JoyButtonHandler.cpp; sourceTree = "<group>"; };
		DF0EFC3B2EB63589008F5DAB /* JoyHatHandler.cpp */ = {isa = PBXFileReference; fileEncoding = 4; lastKnownFileType = sourcecode.cpp.cpp; path = JoyHatHandler.cpp; sourceTree = "<group>"; };
		DF0EFC3C2EB63589008F5DAB /* JoyButtonHandler.h */ = {isa = PBXFileReference; fileEncoding = 4; lastKnownFileType = sourcecode.c.h; path = JoyButtonHandler.h; sourceTree = "<group>"; };
		DF0EFC3D2EB63589008F5DAB /* UserInput.cpp */ = {isa = PBXFileReference; fileEncoding = 4; lastKnownFileType = sourcecode.cpp.cpp; path = UserInput.cpp; sourceTree = "<group>"; };
		DF0EFC3E2EB63589008F5DAB /* SDL.cpp */ = {isa = PBXFileReference; fileEncoding = 4; lastKnownFileType = sourcecode.cpp.cpp; path = SDL.cpp; sourceTree = "<group>"; };
		DF0EFC402EB63589008F5DAB /* Menu.cpp */ = {isa = PBXFileReference; fileEncoding = 4; lastKnownFileType = sourcecode.cpp.cpp; path = Menu.cpp; sourceTree = "<group>"; };
		DF0EFC412EB63589008F5DAB /* Menu.h */ = {isa = PBXFileReference; fileEncoding = 4; lastKnownFileType = sourcecode.c.h; path = Menu.h; sourceTree = "<group>"; };
		DF0EFC432EB63589008F5DAB /* Sound.h */ = {isa = PBXFileReference; fileEncoding = 4; lastKnownFileType = sourcecode.c.h; path = Sound.h; sourceTree = "<group>"; };
		DF0EFC442EB63589008F5DAB /* Sound.cpp */ = {isa = PBXFileReference; fileEncoding = 4; lastKnownFileType = sourcecode.cpp.cpp; path = Sound.cpp; sourceTree = "<group>"; };
		DF0EFC462EB63589008F5DAB /* Utils.h */ = {isa = PBXFileReference; fileEncoding = 4; lastKnownFileType = sourcecode.c.h; path = Utils.h; sourceTree = "<group>"; };
		DF0EFC472EB63589008F5DAB /* Log.cpp */ = {isa = PBXFileReference; fileEncoding = 4; lastKnownFileType = sourcecode.cpp.cpp; path = Log.cpp; sourceTree = "<group>"; };
		DF0EFC482EB63589008F5DAB /* Utils.cpp */ = {isa = PBXFileReference; fileEncoding = 4; lastKnownFileType = sourcecode.cpp.cpp; path = Utils.cpp; sourceTree = "<group>"; };
		DF0EFC492EB63589008F5DAB /* Log.h */ = {isa = PBXFileReference; fileEncoding = 4; lastKnownFileType = sourcecode.c.h; path = Log.h; sourceTree = "<group>"; };
		DF0EFC4B2EB63589008F5DAB /* MenuParser.cpp */ = {isa = PBXFileReference; fileEncoding = 4; lastKnownFileType = sourcecode.cpp.cpp; path = MenuParser.cpp; sourceTree = "<group>"; };
		DF0EFC4C2EB63589008F5DAB /* CollectionInfoBuilder.h */ = {isa = PBXFileReference; fileEncoding = 4; lastKnownFileType = sourcecode.c.h; path = CollectionInfoBuilder.h; sourceTree = "<group>"; };
		DF0EFC4D2EB63589008F5DAB /* Item.h */ = {isa = PBXFileReference; fileEncoding = 4; lastKnownFileType = sourcecode.c.h; path = Item.h; sourceTree = "<group>"; };
		DF0EFC4E2EB63589008F5DAB /* MenuParser.h */ = {isa = PBXFileReference; fileEncoding = 4; lastKnownFileType = sourcecode.c.h; path = MenuParser.h; sourceTree = "<group>"; };
		DF0EFC4F2EB63589008F5DAB /* Item.cpp */ = {isa = PBXFileReference; fileEncoding = 4; lastKnownFileType = sourcecode.cpp.cpp; path = Item.cpp; sourceTree = "<group>"; };
		DF0EFC502EB63589008F5DAB /* CollectionInfo.h */ = {isa = PBXFileReference; fileEncoding = 4; lastKnownFileType = sourcecode.c.h; path = CollectionInfo.h; sourceTree = "<group>"; };
		DF0EFC512EB63589008F5DAB /* CollectionInfoBuilder.cpp */ = {isa = PBXFileReference; fileEncoding = 4; lastKnownFileType = sourcecode.cpp.cpp; path = CollectionInfoBuilder.cpp; sourceTree = "<group>"; };
		DF0EFC522EB63589008F5DAB /* CollectionInfo.cpp */ = {isa = PBXFileReference; fileEncoding = 4; lastKnownFileType = sourcecode.cpp.cpp; path = CollectionInfo.cpp; sourceTree = "<group>"; };
		DF0EFC532EB63589008F5DAB /* RetroFE.cpp */ = {isa = PBXFileReference; fileEncoding = 4; lastKnownFileType = sourcecode.cpp.cpp; path = RetroFE.cpp; sourceTree = "<group>"; };
		DF0EFC552EB63589008F5DAB /* IVideo.h */ = {isa = PBXFileReference; fileEncoding = 4; lastKnownFileType = sourcecode.c.h; path = IVideo.h; sourceTree = "<group>"; };
		DF0EFC562EB63589008F5DAB /* VideoFactory.h */ = {isa = PBXFileReference; fileEncoding = 4; lastKnownFileType = sourcecode.c.h; path = VideoFactory.h; sourceTree = "<group>"; };
		DF0EFC572EB63589008F5DAB /* VideoPool.cpp */ = {isa = PBXFileReference; fileEncoding = 4; lastKnownFileType = sourcecode.cpp.cpp; path = VideoPool.cpp; sourceTree = "<group>"; };
		DF0EFC582EB63589008F5DAB /* GStreamerVideo.cpp */ = {isa = PBXFileReference; fileEncoding = 4; lastKnownFileType = sourcecode.cpp.cpp; path = GStreamerVideo.cpp; sourceTree = "<group>"; };
		DF0EFC592EB63589008F5DAB /* GStreamerVideo.h */ = {isa = PBXFileReference; fileEncoding = 4; lastKnownFileType = sourcecode.c.h; path = GStreamerVideo.h; sourceTree = "<group>"; };
		DF0EFC5A2EB63589008F5DAB /* VideoFactory.cpp */ = {isa = PBXFileReference; fileEncoding = 4; lastKnownFileType = sourcecode.cpp.cpp; path = VideoFactory.cpp; sourceTree = "<group>"; };
		DF0EFC5B2EB63589008F5DAB /* VideoPool.h */ = {isa = PBXFileReference; fileEncoding = 4; lastKnownFileType = sourcecode.c.h; path = VideoPool.h; sourceTree = "<group>"; };
		DF0EFC5D2EB63589008F5DAB /* AttractMode.h */ = {isa = PBXFileReference; fileEncoding = 4; lastKnownFileType = sourcecode.c.h; path = AttractMode.h; sourceTree = "<group>"; };
		DF0EFC5F2EB63589008F5DAB /* Launcher.h */ = {isa = PBXFileReference; fileEncoding = 4; lastKnownFileType = sourcecode.c.h; path = Launcher.h; sourceTree = "<group>"; };
		DF0EFC602EB63589008F5DAB /* AttractMode.cpp */ = {isa = PBXFileReference; fileEncoding = 4; lastKnownFileType = sourcecode.cpp.cpp; path = AttractMode.cpp; sourceTree = "<group>"; };
		DF0EFC612EB63589008F5DAB /* Launcher.cpp */ = {isa = PBXFileReference; fileEncoding = 4; lastKnownFileType = sourcecode.cpp.cpp; path = Launcher.cpp; sourceTree = "<group>"; };
		DF0EFC632EB63589008F5DAB /* DB.cpp */ = {isa = PBXFileReference; fileEncoding = 4; lastKnownFileType = sourcecode.cpp.cpp; path = DB.cpp; sourceTree = "<group>"; };
		DF0EFC642EB63589008F5DAB /* DB.h */ = {isa = PBXFileReference; fileEncoding = 4; lastKnownFileType = sourcecode.c.h; path = DB.h; sourceTree = "<group>"; };
		DF0EFC652EB63589008F5DAB /* GlobalOpts.cpp */ = {isa = PBXFileReference; fileEncoding = 4; lastKnownFileType = sourcecode.cpp.cpp; path = GlobalOpts.cpp; sourceTree = "<group>"; };
		DF0EFC662EB63589008F5DAB /* GlobalOpts.h */ = {isa = PBXFileReference; fileEncoding = 4; lastKnownFileType = sourcecode.c.h; path = GlobalOpts.h; sourceTree = "<group>"; };
		DF0EFC672EB63589008F5DAB /* HiScores.h */ = {isa = PBXFileReference; fileEncoding = 4; lastKnownFileType = sourcecode.c.h; path = HiScores.h; sourceTree = "<group>"; };
		DF0EFC682EB63589008F5DAB /* Configuration.h */ = {isa = PBXFileReference; fileEncoding = 4; lastKnownFileType = sourcecode.c.h; path = Configuration.h; sourceTree = "<group>"; };
		DF0EFC692EB63589008F5DAB /* Metadata.h */ = {isa = PBXFileReference; fileEncoding = 4; lastKnownFileType = sourcecode.c.h; path = Metadata.h; sourceTree = "<group>"; };
		DF0EFC6A2EB63589008F5DAB /* HiScores.cpp */ = {isa = PBXFileReference; fileEncoding = 4; lastKnownFileType = sourcecode.cpp.cpp; path = HiScores.cpp; sourceTree = "<group>"; };
		DF0EFC6B2EB63589008F5DAB /* MetadataDatabase.cpp */ = {isa = PBXFileReference; fileEncoding = 4; lastKnownFileType = sourcecode.cpp.cpp; path = MetadataDatabase.cpp; sourceTree = "<group>"; };
		DF0EFC6C2EB63589008F5DAB /* MetadataDatabase.h */ = {isa = PBXFileReference; fileEncoding = 4; lastKnownFileType = sourcecode.c.h; path = MetadataDatabase.h; sourceTree = "<group>"; };
		DF0EFC6D2EB63589008F5DAB /* Configuration.cpp */ = {isa = PBXFileReference; fileEncoding = 4; lastKnownFileType = sourcecode.cpp.cpp; path = Configuration.cpp; sourceTree = "<group>"; };
		DF0EFC6E2EB63589008F5DAB /* Main.cpp */ = {isa = PBXFileReference; fileEncoding = 4; lastKnownFileType = sourcecode.cpp.cpp; path = Main.cpp; sourceTree = "<group>"; };
		DF0EFC6F2EB63589008F5DAB /* SDL.h */ = {isa = PBXFileReference; fileEncoding = 4; lastKnownFileType = sourcecode.c.h; path = SDL.h; sourceTree = "<group>"; };
		DF0EFC712EB63589008F5DAB /* Page.cpp */ = {isa = PBXFileReference; fileEncoding = 4; lastKnownFileType = sourcecode.cpp.cpp; path = Page.cpp; sourceTree = "<group>"; };
		DF0EFC722EB63589008F5DAB /* Page.h */ = {isa = PBXFileReference; fileEncoding = 4; lastKnownFileType = sourcecode.c.h; path = Page.h; sourceTree = "<group>"; };
		DF0EFC742EB63589008F5DAB /* Tween.h */ = {isa = PBXFileReference; fileEncoding = 4; lastKnownFileType = sourcecode.c.h; path = Tween.h; sourceTree = "<group>"; };
		DF0EFC752EB63589008F5DAB /* Animation.h */ = {isa = PBXFileReference; fileEncoding = 4; lastKnownFileType = sourcecode.c.h; path = Animation.h; sourceTree = "<group>"; };
		DF0EFC762EB63589008F5DAB /* Tween.cpp */ = {isa = PBXFileReference; fileEncoding = 4; lastKnownFileType = sourcecode.cpp.cpp; path = Tween.cpp; sourceTree = "<group>"; };
		DF0EFC772EB63589008F5DAB /* AnimationEvents.cpp */ = {isa = PBXFileReference; fileEncoding = 4; lastKnownFileType = sourcecode.cpp.cpp; path = AnimationEvents.cpp; sourceTree = "<group>"; };
		DF0EFC782EB63589008F5DAB /* Animation.cpp */ = {isa = PBXFileReference; fileEncoding = 4; lastKnownFileType = sourcecode.cpp.cpp; path = Animation.cpp; sourceTree = "<group>"; };
		DF0EFC792EB63589008F5DAB /* AnimationEvents.h */ = {isa = PBXFileReference; fileEncoding = 4; lastKnownFileType = sourcecode.c.h; path = AnimationEvents.h; sourceTree = "<group>"; };
		DF0EFC7A2EB63589008F5DAB /* TweenTypes.h */ = {isa = PBXFileReference; fileEncoding = 4; lastKnownFileType = sourcecode.c.h; path = TweenTypes.h; sourceTree = "<group>"; };
		DF0EFC7B2EB63589008F5DAB /* TweenSet.h */ = {isa = PBXFileReference; fileEncoding = 4; lastKnownFileType = sourcecode.c.h; path = TweenSet.h; sourceTree = "<group>"; };
		DF0EFC7C2EB63589008F5DAB /* TweenSet.cpp */ = {isa = PBXFileReference; fileEncoding = 4; lastKnownFileType = sourcecode.cpp.cpp; path = TweenSet.cpp; sourceTree = "<group>"; };
		DF0EFC7D2EB63589008F5DAB /* ThreadPool.h */ = {isa = PBXFileReference; fileEncoding = 4; lastKnownFileType = sourcecode.c.h; path = ThreadPool.h; sourceTree = "<group>"; };
		DF0EFC7E2EB63589008F5DAB /* ComponentItemBinding.cpp */ = {isa = PBXFileReference; fileEncoding = 4; lastKnownFileType = sourcecode.cpp.cpp; path = ComponentItemBinding.cpp; sourceTree = "<group>"; };
		DF0EFC7F2EB63589008F5DAB /* ComponentItemBinding.h */ = {isa = PBXFileReference; fileEncoding = 4; lastKnownFileType = sourcecode.c.h; path = ComponentItemBinding.h; sourceTree = "<group>"; };
		DF0EFC802EB63589008F5DAB /* Font.cpp */ = {isa = PBXFileReference; fileEncoding = 4; lastKnownFileType = sourcecode.cpp.cpp; path = Font.cpp; sourceTree = "<group>"; };
		DF0EFC822EB63589008F5DAB /* ScrollingList.h */ = {isa = PBXFileReference; fileEncoding = 4; lastKnownFileType = sourcecode.c.h; path = ScrollingList.h; sourceTree = "<group>"; };
		DF0EFC832EB63589008F5DAB /* ReloadableScrollingText.h */ = {isa = PBXFileReference; fileEncoding = 4; lastKnownFileType = sourcecode.c.h; path = ReloadableScrollingText.h; sourceTree = "<group>"; };
		DF0EFC842EB63589008F5DAB /* ReloadableHiscores.cpp */ = {isa = PBXFileReference; fileEncoding = 4; lastKnownFileType = sourcecode.cpp.cpp; path = ReloadableHiscores.cpp; sourceTree = "<group>"; };
		DF0EFC852EB63589008F5DAB /* ReloadableMedia.cpp */ = {isa = PBXFileReference; fileEncoding = 4; lastKnownFileType = sourcecode.cpp.cpp; path = ReloadableMedia.cpp; sourceTree = "<group>"; };
		DF0EFC862EB63589008F5DAB /* Image.cpp */ = {isa = PBXFileReference; fileEncoding = 4; lastKnownFileType = sourcecode.cpp.cpp; path = Image.cpp; sourceTree = "<group>"; };
		DF0EFC872EB63589008F5DAB /* Text.cpp */ = {isa = PBXFileReference; fileEncoding = 4; lastKnownFileType = sourcecode.cpp.cpp; path = Text.cpp; sourceTree = "<group>"; };
		DF0EFC882EB63589008F5DAB /* Text.h */ = {isa = PBXFileReference; fileEncoding = 4; lastKnownFileType = sourcecode.c.h; path = Text.h; sourceTree = "<group>"; };
		DF0EFC892EB63589008F5DAB /* ImageBuilder.cpp */ = {isa = PBXFileReference; fileEncoding = 4; lastKnownFileType = sourcecode.cpp.cpp; path = ImageBuilder.cpp; sourceTree = "<group>"; };
		DF0EFC8A2EB63589008F5DAB /* ReloadableHiscores.h */ = {isa = PBXFileReference; fileEncoding = 4; lastKnownFileType = sourcecode.c.h; path = ReloadableHiscores.h; sourceTree = "<group>"; };
		DF0EFC8B2EB63589008F5DAB /* VideoComponent.cpp */ = {isa = PBXFileReference; fileEncoding = 4; lastKnownFileType = sourcecode.cpp.cpp; path = VideoComponent.cpp; sourceTree = "<group>"; };
		DF0EFC8C2EB63589008F5DAB /* Component.cpp */ = {isa = PBXFileReference; fileEncoding = 4; lastKnownFileType = sourcecode.cpp.cpp; path = Component.cpp; sourceTree = "<group>"; };
		DF0EFC8D2EB63589008F5DAB /* Container.h */ = {isa = PBXFileReference; fileEncoding = 4; lastKnownFileType = sourcecode.c.h; path = Container.h; sourceTree = "<group>"; };
		DF0EFC8E2EB63589008F5DAB /* ImageBuilder.h */ = {isa = PBXFileReference; fileEncoding = 4; lastKnownFileType = sourcecode.c.h; path = ImageBuilder.h; sourceTree = "<group>"; };
		DF0EFC8F2EB63589008F5DAB /* VideoBuilder.h */ = {isa = PBXFileReference; fileEncoding = 4; lastKnownFileType = sourcecode.c.h; path = VideoBuilder.h; sourceTree = "<group>"; };
		DF0EFC902EB63589008F5DAB /* ReloadableMedia.h */ = {isa = PBXFileReference; fileEncoding = 4; lastKnownFileType = sourcecode.c.h; path = ReloadableMedia.h; sourceTree = "<group>"; };
		DF0EFC912EB63589008F5DAB /* ReloadableScrollingText.cpp */ = {isa = PBXFileReference; fileEncoding = 4; lastKnownFileType = sourcecode.cpp.cpp; path = ReloadableScrollingText.cpp; sourceTree = "<group>"; };
		DF0EFC922EB63589008F5DAB /* ReloadableText.h */ = {isa = PBXFileReference; fileEncoding = 4; lastKnownFileType = sourcecode.c.h; path = ReloadableText.h; sourceTree = "<group>"; };
		DF0EFC932EB63589008F5DAB /* VideoComponent.h */ = {isa = PBXFileReference; fileEncoding = 4; lastKnownFileType = sourcecode.c.h; path = VideoComponent.h; sourceTree = "<group>"; };
		DF0EFC942EB63589008F5DAB /* Component.h */ = {isa = PBXFileReference; fileEncoding = 4; lastKnownFileType = sourcecode.c.h; path = Component.h; sourceTree = "<group>"; };
		DF0EFC952EB63589008F5DAB /* ScrollingList.cpp */ = {isa = PBXFileReference; fileEncoding = 4; lastKnownFileType = sourcecode.cpp.cpp; path = ScrollingList.cpp; sourceTree = "<group>"; };
		DF0EFC962EB63589008F5DAB /* Container.cpp */ = {isa = PBXFileReference; fileEncoding = 4; lastKnownFileType = sourcecode.cpp.cpp; path = Container.cpp; sourceTree = "<group>"; };
		DF0EFC972EB63589008F5DAB /* VideoBuilder.cpp */ = {isa = PBXFileReference; fileEncoding = 4; lastKnownFileType = sourcecode.cpp.cpp; path = VideoBuilder.cpp; sourceTree = "<group>"; };
		DF0EFC982EB63589008F5DAB /* ReloadableText.cpp */ = {isa = PBXFileReference; fileEncoding = 4; lastKnownFileType = sourcecode.cpp.cpp; path = ReloadableText.cpp; sourceTree = "<group>"; };
		DF0EFC992EB63589008F5DAB /* Image.h */ = {isa = PBXFileReference; fileEncoding = 4; lastKnownFileType = sourcecode.c.h; path = Image.h; sourceTree = "<group>"; };
		DF0EFC9A2EB63589008F5DAB /* FontCache.cpp */ = {isa = PBXFileReference; fileEncoding = 4; lastKnownFileType = sourcecode.cpp.cpp; path = FontCache.cpp; sourceTree = "<group>"; };
		DF0EFC9B2EB63589008F5DAB /* FontCache.h */ = {isa = PBXFileReference; fileEncoding = 4; lastKnownFileType = sourcecode.c.h; path = FontCache.h; sourceTree = "<group>"; };
		DF0EFC9C2EB63589008F5DAB /* ComponentItemBindingBuilder.cpp */ = {isa = PBXFileReference; fileEncoding = 4; lastKnownFileType = sourcecode.cpp.cpp; path = ComponentItemBindingBuilder.cpp; sourceTree = "<group>"; };
		DF0EFC9D2EB63589008F5DAB /* ComponentItemBindingBuilder.h */ = {isa = PBXFileReference; fileEncoding = 4; lastKnownFileType = sourcecode.c.h; path = ComponentItemBindingBuilder.h; sourceTree = "<group>"; };
		DF0EFC9E2EB63589008F5DAB /* ViewInfo.h */ = {isa = PBXFileReference; fileEncoding = 4; lastKnownFileType = sourcecode.c.h; path = ViewInfo.h; sourceTree = "<group>"; };
		DF0EFC9F2EB63589008F5DAB /* Font.h */ = {isa = PBXFileReference; fileEncoding = 4; lastKnownFileType = sourcecode.c.h; path = Font.h; sourceTree = "<group>"; };
		DF0EFCA02EB63589008F5DAB /* ThreadPool.cpp */ = {isa = PBXFileReference; fileEncoding = 4; lastKnownFileType = sourcecode.cpp.cpp; path = ThreadPool.cpp; sourceTree = "<group>"; };
		DF0EFCA12EB63589008F5DAB /* ViewInfo.cpp */ = {isa = PBXFileReference; fileEncoding = 4; lastKnownFileType = sourcecode.cpp.cpp; path = ViewInfo.cpp; sourceTree = "<group>"; };
		DF0EFCA22EB63589008F5DAB /* PageBuilder.h */ = {isa = PBXFileReference; fileEncoding = 4; lastKnownFileType = sourcecode.c.h; path = PageBuilder.h; sourceTree = "<group>"; };
		DF0EFCA32EB63589008F5DAB /* PageBuilder.cpp */ = {isa = PBXFileReference; fileEncoding = 4; lastKnownFileType = sourcecode.cpp.cpp; path = PageBuilder.cpp; sourceTree = "<group>"; };
		DF0EFCD82EB635A5008F5DAB /* versioning.h */ = {isa = PBXFileReference; fileEncoding = 4; lastKnownFileType = sourcecode.c.h; path = versioning.h; sourceTree = "<group>"; };
		DF0EFCD92EB635D8008F5DAB /* sqlite3.c */ = {isa = PBXFileReference; fileEncoding = 4; lastKnownFileType = sourcecode.c.c; name = sqlite3.c; path = ../ThirdParty/sqlite3/sqlite3.c; sourceTree = "<group>"; };
		DF87A1792B152AA400548E78 /* RetroFE.png */ = {isa = PBXFileReference; lastKnownFileType = image.png; name = RetroFE.png; path = ../../Package/Environment/Common/RetroFE.png; sourceTree = "<group>"; };
		DFC83C882D57973600AA7522 /* webp.framework */ = {isa = PBXFileReference; lastKnownFileType = wrapper.framework; name = webp.framework; path = ../ThirdPartyMac/webp.framework; sourceTree = SOURCE_ROOT; };
		DFC83C892D57973600AA7522 /* libusb-1.0.0.dylib */ = {isa = PBXFileReference; lastKnownFileType = "compiled.mach-o.dylib"; name = "libusb-1.0.0.dylib"; path = "../ThirdPartyMac/libusb-1.0.0.dylib"; sourceTree = SOURCE_ROOT; };
		DFC83C8C2D5797A200AA7522 /* IOKit.framework */ = {isa = PBXFileReference; lastKnownFileType = wrapper.framework; name = IOKit.framework; path = ../../../../../../../Applications/Xcode.app/Contents/Developer/Platforms/MacOSX.platform/Developer/SDKs/MacOSX14.0.sdk/System/Library/Frameworks/IOKit.framework; sourceTree = SOURCE_ROOT; };
		DFC83C8E2D5797A700AA7522 /* CoreFoundation.framework */ = {isa = PBXFileReference; lastKnownFileType = wrapper.framework; name = CoreFoundation.framework; path = ../../../../../../../Applications/Xcode.app/Contents/Developer/Platforms/MacOSX.platform/Developer/SDKs/MacOSX14.0.sdk/System/Library/Frameworks/CoreFoundation.framework; sourceTree = SOURCE_ROOT; };
		DFC83C962D579B7800AA7522 /* libminizip.dylib */ = {isa = PBXFileReference; lastKnownFileType = "compiled.mach-o.dylib"; name = libminizip.dylib; path = ../ThirdPartyMac/libminizip.dylib; sourceTree = SOURCE_ROOT; };
		DFF91E9B2B260B5B00507957 /* SDL2_mixer.framework */ = {isa = PBXFileReference; lastKnownFileType = wrapper.framework; name = SDL2_mixer.framework; path = ../ThirdPartyMac/SDL2_mixer.framework; sourceTree = SOURCE_ROOT; };
		DFF91E9C2B260B5B00507957 /* SDL2.framework */ = {isa = PBXFileReference; lastKnownFileType = wrapper.framework; name = SDL2.framework; path = ../ThirdPartyMac/SDL2.framework; sourceTree = SOURCE_ROOT; };
		DFF91E9E2B260B5B00507957 /* SDL2_ttf.framework */ = {isa = PBXFileReference; lastKnownFileType = wrapper.framework; name = SDL2_ttf.framework; path = ../ThirdPartyMac/SDL2_ttf.framework; sourceTree = SOURCE_ROOT; };
		DFF91E9F2B260B5B00507957 /* SDL2_image.framework */ = {isa = PBXFileReference; lastKnownFileType = wrapper.framework; name = SDL2_image.framework; path = ../ThirdPartyMac/SDL2_image.framework; sourceTree = SOURCE_ROOT; };
/* End PBXFileReference section */

/* Begin PBXFrameworksBuildPhase section */
		2A7B1EA572134ECA84E6FDE2 /* Frameworks */ = {
			isa = PBXFrameworksBuildPhase;
			buildActionMask = 2147483647;
			files = (
				DF010EFF2B4DDDAA0062DCCA /* SDL2.framework in Frameworks */,
				DF010EFB2B4DDDAA0062DCCA /* SDL2_mixer.framework in Frameworks */,
				DF07B3E52B2A14CE00B732CF /* GStreamer.framework in Frameworks */,
				DFC83C8F2D5797A700AA7522 /* CoreFoundation.framework in Frameworks */,
				DF010EF92B4DDDAA0062DCCA /* SDL2_image.framework in Frameworks */,
				DF010EFD2B4DDDAA0062DCCA /* SDL2_ttf.framework in Frameworks */,
				DFC83C8D2D5797A200AA7522 /* IOKit.framework in Frameworks */,
				DFC83C972D579B7800AA7522 /* libminizip.dylib in Frameworks */,
				DFC83C902D579B1500AA7522 /* webp.framework in Frameworks */,
				DFC83C912D579B1900AA7522 /* libusb-1.0.0.dylib in Frameworks */,
			);
			runOnlyForDeploymentPostprocessing = 0;
		};
/* End PBXFrameworksBuildPhase section */

/* Begin PBXGroup section */
		339216F6BFE147B7B7F1B1E4 = {
			isa = PBXGroup;
			children = (
				A1D16326A0024131923E1EB7 /* retrofe */,
				DA3165AA0ABC4ABCBAD49511 /* Products */,
				42FFB63E16B947FA8CCC2784 /* Resources */,
				D0A78259C0704D50B83B5260 /* Frameworks */,
			);
			sourceTree = "<group>";
		};
		42FFB63E16B947FA8CCC2784 /* Resources */ = {
			isa = PBXGroup;
			children = (
				DF87A1792B152AA400548E78 /* RetroFE.png */,
			);
			name = Resources;
			sourceTree = "<group>";
		};
		A1D16326A0024131923E1EB7 /* retrofe */ = {
			isa = PBXGroup;
			children = (
				DF0EFCD72EB635A5008F5DAB /* autogen */,
				DF0EFC4A2EB63589008F5DAB /* Collection */,
				DF0EFC302EB63589008F5DAB /* Control */,
				DF0EFC622EB63589008F5DAB /* Database */,
				DF0EFC5C2EB63589008F5DAB /* Execute */,
				DF0EFC702EB63589008F5DAB /* Graphics */,
				DF0EFC6E2EB63589008F5DAB /* Main.cpp */,
				DF0EFC3F2EB63589008F5DAB /* Menu */,
				DF0EFC532EB63589008F5DAB /* RetroFE.cpp */,
				DF0EFC2F2EB63589008F5DAB /* RetroFE.h */,
				DF0EFC3E2EB63589008F5DAB /* SDL.cpp */,
				DF0EFC6F2EB63589008F5DAB /* SDL.h */,
				DF0EFC422EB63589008F5DAB /* Sound */,
				DF0EFCD92EB635D8008F5DAB /* sqlite3.c */,
				DF0EFC452EB63589008F5DAB /* Utility */,
				DF0EFC542EB63589008F5DAB /* Video */,
			);
			name = retrofe;
			sourceTree = SOURCE_ROOT;
		};
		D0A78259C0704D50B83B5260 /* Frameworks */ = {
			isa = PBXGroup;
			children = (
				DFC83C962D579B7800AA7522 /* libminizip.dylib */,
				DFC83C892D57973600AA7522 /* libusb-1.0.0.dylib */,
				DFC83C8E2D5797A700AA7522 /* CoreFoundation.framework */,
				DF07B3E42B2A14CE00B732CF /* GStreamer.framework */,
				DFC83C8C2D5797A200AA7522 /* IOKit.framework */,
				DFF91E9F2B260B5B00507957 /* SDL2_image.framework */,
				DFF91E9B2B260B5B00507957 /* SDL2_mixer.framework */,
				DFF91E9E2B260B5B00507957 /* SDL2_ttf.framework */,
				DFF91E9C2B260B5B00507957 /* SDL2.framework */,
				DFC83C882D57973600AA7522 /* webp.framework */,
				DF010EF62B4DD80C0062DCCA /* libc++.1.tbd */,
				DF010EF72B4DD8150062DCCA /* libSystem.B.tbd */,
				DF010EF82B4DD81C0062DCCA /* libz.1.tbd */,
			);
			name = Frameworks;
			sourceTree = SOURCE_ROOT;
		};
		DA3165AA0ABC4ABCBAD49511 /* Products */ = {
			isa = PBXGroup;
			children = (
				1B5B0776E6324B4195FFDB16 /* RetroFE.app */,
			);
			name = Products;
			sourceTree = SOURCE_ROOT;
		};
		DF0EFC302EB63589008F5DAB /* Control */ = {
			isa = PBXGroup;
			children = (
				DF0EFC312EB63589008F5DAB /* KeyboardHandler.cpp */,
				DF0EFC322EB63589008F5DAB /* MouseButtonHandler.cpp */,
				DF0EFC332EB63589008F5DAB /* UserInput.h */,
				DF0EFC342EB63589008F5DAB /* KeyboardHandler.h */,
				DF0EFC352EB63589008F5DAB /* JoyAxisHandler.cpp */,
				DF0EFC362EB63589008F5DAB /* JoyHatHandler.h */,
				DF0EFC372EB63589008F5DAB /* JoyAxisHandler.h */,
				DF0EFC382EB63589008F5DAB /* InputHandler.h */,
				DF0EFC392EB63589008F5DAB /* MouseButtonHandler.h */,
				DF0EFC3A2EB63589008F5DAB /* JoyButtonHandler.cpp */,
				DF0EFC3B2EB63589008F5DAB /* JoyHatHandler.cpp */,
				DF0EFC3C2EB63589008F5DAB /* JoyButtonHandler.h */,
				DF0EFC3D2EB63589008F5DAB /* UserInput.cpp */,
			);
			path = Control;
			sourceTree = "<group>";
		};
		DF0EFC3F2EB63589008F5DAB /* Menu */ = {
			isa = PBXGroup;
			children = (
				DF0EFC402EB63589008F5DAB /* Menu.cpp */,
				DF0EFC412EB63589008F5DAB /* Menu.h */,
			);
			path = Menu;
			sourceTree = "<group>";
		};
		DF0EFC422EB63589008F5DAB /* Sound */ = {
			isa = PBXGroup;
			children = (
				DF0EFC432EB63589008F5DAB /* Sound.h */,
				DF0EFC442EB63589008F5DAB /* Sound.cpp */,
			);
			path = Sound;
			sourceTree = "<group>";
		};
		DF0EFC452EB63589008F5DAB /* Utility */ = {
			isa = PBXGroup;
			children = (
				DF0EFC7D2EB63589008F5DAB /* ThreadPool.h */,
				DF0EFCA02EB63589008F5DAB /* ThreadPool.cpp */,
				DF0EFC462EB63589008F5DAB /* Utils.h */,
				DF0EFC472EB63589008F5DAB /* Log.cpp */,
				DF0EFC482EB63589008F5DAB /* Utils.cpp */,
				DF0EFC492EB63589008F5DAB /* Log.h */,
			);
			path = Utility;
			sourceTree = "<group>";
		};
		DF0EFC4A2EB63589008F5DAB /* Collection */ = {
			isa = PBXGroup;
			children = (
				DF0EFC4B2EB63589008F5DAB /* MenuParser.cpp */,
				DF0EFC4C2EB63589008F5DAB /* CollectionInfoBuilder.h */,
				DF0EFC4D2EB63589008F5DAB /* Item.h */,
				DF0EFC4E2EB63589008F5DAB /* MenuParser.h */,
				DF0EFC4F2EB63589008F5DAB /* Item.cpp */,
				DF0EFC502EB63589008F5DAB /* CollectionInfo.h */,
				DF0EFC512EB63589008F5DAB /* CollectionInfoBuilder.cpp */,
				DF0EFC522EB63589008F5DAB /* CollectionInfo.cpp */,
			);
			path = Collection;
			sourceTree = "<group>";
		};
		DF0EFC542EB63589008F5DAB /* Video */ = {
			isa = PBXGroup;
			children = (
				DF0EFC552EB63589008F5DAB /* IVideo.h */,
				DF0EFC562EB63589008F5DAB /* VideoFactory.h */,
				DF0EFC572EB63589008F5DAB /* VideoPool.cpp */,
				DF0EFC582EB63589008F5DAB /* GStreamerVideo.cpp */,
				DF0EFC592EB63589008F5DAB /* GStreamerVideo.h */,
				DF0EFC5A2EB63589008F5DAB /* VideoFactory.cpp */,
				DF0EFC5B2EB63589008F5DAB /* VideoPool.h */,
			);
			path = Video;
			sourceTree = "<group>";
		};
		DF0EFC5C2EB63589008F5DAB /* Execute */ = {
			isa = PBXGroup;
			children = (
				DF0EFC5D2EB63589008F5DAB /* AttractMode.h */,
				DF0EFC5E2EB63589008F5DAB /* Platform */,
				DF0EFC5F2EB63589008F5DAB /* Launcher.h */,
				DF0EFC602EB63589008F5DAB /* AttractMode.cpp */,
				DF0EFC612EB63589008F5DAB /* Launcher.cpp */,
			);
			path = Execute;
			sourceTree = "<group>";
		};
		DF0EFC5E2EB63589008F5DAB /* Platform */ = {
			isa = PBXGroup;
			children = (
			);
			path = Platform;
			sourceTree = "<group>";
		};
		DF0EFC622EB63589008F5DAB /* Database */ = {
			isa = PBXGroup;
			children = (
				DF0EFC632EB63589008F5DAB /* DB.cpp */,
				DF0EFC642EB63589008F5DAB /* DB.h */,
				DF0EFC652EB63589008F5DAB /* GlobalOpts.cpp */,
				DF0EFC662EB63589008F5DAB /* GlobalOpts.h */,
				DF0EFC672EB63589008F5DAB /* HiScores.h */,
				DF0EFC682EB63589008F5DAB /* Configuration.h */,
				DF0EFC692EB63589008F5DAB /* Metadata.h */,
				DF0EFC6A2EB63589008F5DAB /* HiScores.cpp */,
				DF0EFC6B2EB63589008F5DAB /* MetadataDatabase.cpp */,
				DF0EFC6C2EB63589008F5DAB /* MetadataDatabase.h */,
				DF0EFC6D2EB63589008F5DAB /* Configuration.cpp */,
			);
			path = Database;
			sourceTree = "<group>";
		};
		DF0EFC702EB63589008F5DAB /* Graphics */ = {
			isa = PBXGroup;
			children = (
				DF0EFC712EB63589008F5DAB /* Page.cpp */,
				DF0EFC722EB63589008F5DAB /* Page.h */,
				DF0EFC732EB63589008F5DAB /* Animate */,
				DF0EFC7E2EB63589008F5DAB /* ComponentItemBinding.cpp */,
				DF0EFC7F2EB63589008F5DAB /* ComponentItemBinding.h */,
				DF0EFC802EB63589008F5DAB /* Font.cpp */,
				DF0EFC812EB63589008F5DAB /* Component */,
				DF0EFC9A2EB63589008F5DAB /* FontCache.cpp */,
				DF0EFC9B2EB63589008F5DAB /* FontCache.h */,
				DF0EFC9C2EB63589008F5DAB /* ComponentItemBindingBuilder.cpp */,
				DF0EFC9D2EB63589008F5DAB /* ComponentItemBindingBuilder.h */,
				DF0EFC9E2EB63589008F5DAB /* ViewInfo.h */,
				DF0EFC9F2EB63589008F5DAB /* Font.h */,
				DF0EFCA12EB63589008F5DAB /* ViewInfo.cpp */,
				DF0EFCA22EB63589008F5DAB /* PageBuilder.h */,
				DF0EFCA32EB63589008F5DAB /* PageBuilder.cpp */,
			);
			path = Graphics;
			sourceTree = "<group>";
		};
		DF0EFC732EB63589008F5DAB /* Animate */ = {
			isa = PBXGroup;
			children = (
				DF0EFC742EB63589008F5DAB /* Tween.h */,
				DF0EFC752EB63589008F5DAB /* Animation.h */,
				DF0EFC762EB63589008F5DAB /* Tween.cpp */,
				DF0EFC772EB63589008F5DAB /* AnimationEvents.cpp */,
				DF0EFC782EB63589008F5DAB /* Animation.cpp */,
				DF0EFC792EB63589008F5DAB /* AnimationEvents.h */,
				DF0EFC7A2EB63589008F5DAB /* TweenTypes.h */,
				DF0EFC7B2EB63589008F5DAB /* TweenSet.h */,
				DF0EFC7C2EB63589008F5DAB /* TweenSet.cpp */,
			);
			path = Animate;
			sourceTree = "<group>";
		};
		DF0EFC812EB63589008F5DAB /* Component */ = {
			isa = PBXGroup;
			children = (
				DF0EFC822EB63589008F5DAB /* ScrollingList.h */,
				DF0EFC832EB63589008F5DAB /* ReloadableScrollingText.h */,
				DF0EFC842EB63589008F5DAB /* ReloadableHiscores.cpp */,
				DF0EFC852EB63589008F5DAB /* ReloadableMedia.cpp */,
				DF0EFC862EB63589008F5DAB /* Image.cpp */,
				DF0EFC872EB63589008F5DAB /* Text.cpp */,
				DF0EFC882EB63589008F5DAB /* Text.h */,
				DF0EFC892EB63589008F5DAB /* ImageBuilder.cpp */,
				DF0EFC8A2EB63589008F5DAB /* ReloadableHiscores.h */,
				DF0EFC8B2EB63589008F5DAB /* VideoComponent.cpp */,
				DF0EFC8C2EB63589008F5DAB /* Component.cpp */,
				DF0EFC8D2EB63589008F5DAB /* Container.h */,
				DF0EFC8E2EB63589008F5DAB /* ImageBuilder.h */,
				DF0EFC8F2EB63589008F5DAB /* VideoBuilder.h */,
				DF0EFC902EB63589008F5DAB /* ReloadableMedia.h */,
				DF0EFC912EB63589008F5DAB /* ReloadableScrollingText.cpp */,
				DF0EFC922EB63589008F5DAB /* ReloadableText.h */,
				DF0EFC932EB63589008F5DAB /* VideoComponent.h */,
				DF0EFC942EB63589008F5DAB /* Component.h */,
				DF0EFC952EB63589008F5DAB /* ScrollingList.cpp */,
				DF0EFC962EB63589008F5DAB /* Container.cpp */,
				DF0EFC972EB63589008F5DAB /* VideoBuilder.cpp */,
				DF0EFC982EB63589008F5DAB /* ReloadableText.cpp */,
				DF0EFC992EB63589008F5DAB /* Image.h */,
			);
			path = Component;
			sourceTree = "<group>";
		};
		DF0EFCD72EB635A5008F5DAB /* autogen */ = {
			isa = PBXGroup;
			children = (
				DF0EFCD82EB635A5008F5DAB /* versioning.h */,
			);
			path = autogen;
			sourceTree = "<group>";
		};
/* End PBXGroup section */

/* Begin PBXNativeTarget section */
		28DEFA88B73A4CA1825D0DDC /* retrofe */ = {
			isa = PBXNativeTarget;
			buildConfigurationList = 08FC2F3B09344060A0D4CF8E /* Build configuration list for PBXNativeTarget "retrofe" */;
			buildPhases = (
				DFB7B5A52B7276E400B7CCCE /* ShellScript */,
				381A2E200F614C28905EA636 /* Sources */,
				2A7B1EA572134ECA84E6FDE2 /* Frameworks */,
				DFF91EAC2B26200900507957 /* Embed Frameworks */,
				DF87A1782B152A7B00548E78 /* Resources */,
			);
			buildRules = (
			);
			dependencies = (
			);
			name = retrofe;
			productName = retrofe;
			productReference = 1B5B0776E6324B4195FFDB16 /* RetroFE.app */;
			productType = "com.apple.product-type.application";
		};
/* End PBXNativeTarget section */

/* Begin PBXProject section */
		21813F860C57421A9D50126D /* Project object */ = {
			isa = PBXProject;
			attributes = {
				BuildIndependentTargetsInParallel = YES;
				LastUpgradeCheck = 1500;
			};
			buildConfigurationList = 61A9781468EE4214A7EB7754 /* Build configuration list for PBXProject "retrofe" */;
			compatibilityVersion = "Xcode 15.0";
			developmentRegion = en;
			hasScannedForEncodings = 0;
			knownRegions = (
				en,
				Base,
			);
			mainGroup = 339216F6BFE147B7B7F1B1E4;
			projectDirPath = ../Source;
			projectRoot = "";
			targets = (
				28DEFA88B73A4CA1825D0DDC /* retrofe */,
			);
		};
/* End PBXProject section */

/* Begin PBXResourcesBuildPhase section */
		DF87A1782B152A7B00548E78 /* Resources */ = {
			isa = PBXResourcesBuildPhase;
			buildActionMask = 2147483647;
			files = (
				DF87A17A2B152AAB00548E78 /* RetroFE.png in Resources */,
			);
			runOnlyForDeploymentPostprocessing = 0;
		};
/* End PBXResourcesBuildPhase section */

/* Begin PBXShellScriptBuildPhase section */
		DFB7B5A52B7276E400B7CCCE /* ShellScript */ = {
			isa = PBXShellScriptBuildPhase;
			alwaysOutOfDate = 1;
			buildActionMask = 2147483647;
			files = (
			);
			inputFileListPaths = (
			);
			inputPaths = (
			);
			outputFileListPaths = (
			);
			outputPaths = (
			);
			runOnlyForDeploymentPostprocessing = 0;
			shellPath = /bin/zsh;
			shellScript = "# Type a script or drag a script file from your workspace to insert its path.\n${PROJECT_DIR}/../xcode/embed_version.sh\n${PROJECT_DIR}/../xcode/delete_gstreamer_static_libs.sh\n";
		};
/* End PBXShellScriptBuildPhase section */

/* Begin PBXSourcesBuildPhase section */
		381A2E200F614C28905EA636 /* Sources */ = {
			isa = PBXSourcesBuildPhase;
			buildActionMask = 2147483647;
			files = (
				DF0EFCAA2EB63589008F5DAB /* SDL.cpp in Sources */,
				DF0EFCBF2EB63589008F5DAB /* Page.cpp in Sources */,
				DF0EFCD22EB6358A008F5DAB /* FontCache.cpp in Sources */,
				DF0EFCC92EB6358A008F5DAB /* Text.cpp in Sources */,
				DF0EFCA72EB63589008F5DAB /* JoyButtonHandler.cpp in Sources */,
				DF0EFCB22EB63589008F5DAB /* CollectionInfo.cpp in Sources */,
				DF0EFCCB2EB6358A008F5DAB /* VideoComponent.cpp in Sources */,
				DF0EFCB62EB63589008F5DAB /* VideoFactory.cpp in Sources */,
				DF0EFCDA2EB635D8008F5DAB /* sqlite3.c in Sources */,
				DF0EFCB92EB63589008F5DAB /* DB.cpp in Sources */,
				DF0EFCCF2EB6358A008F5DAB /* Container.cpp in Sources */,
				DF0EFCAD2EB63589008F5DAB /* Log.cpp in Sources */,
				DF0EFCC52EB6358A008F5DAB /* Font.cpp in Sources */,
				DF0EFCA52EB63589008F5DAB /* MouseButtonHandler.cpp in Sources */,
				DF0EFCCA2EB6358A008F5DAB /* ImageBuilder.cpp in Sources */,
				DF0EFCCC2EB6358A008F5DAB /* Component.cpp in Sources */,
				DF0EFCC72EB6358A008F5DAB /* ReloadableMedia.cpp in Sources */,
				DF0EFCB32EB63589008F5DAB /* RetroFE.cpp in Sources */,
				DF0EFCD32EB6358A008F5DAB /* ComponentItemBindingBuilder.cpp in Sources */,
				DF0EFCB52EB63589008F5DAB /* GStreamerVideo.cpp in Sources */,
				DF0EFCAF2EB63589008F5DAB /* MenuParser.cpp in Sources */,
				DF0EFCCD2EB6358A008F5DAB /* ReloadableScrollingText.cpp in Sources */,
				DF0EFCBA2EB63589008F5DAB /* GlobalOpts.cpp in Sources */,
				DF0EFCC12EB6358A008F5DAB /* AnimationEvents.cpp in Sources */,
				DF0EFCB72EB63589008F5DAB /* AttractMode.cpp in Sources */,
				DF0EFCC32EB6358A008F5DAB /* TweenSet.cpp in Sources */,
				DF0EFCD52EB6358A008F5DAB /* ViewInfo.cpp in Sources */,
				DF0EFCC22EB6358A008F5DAB /* Animation.cpp in Sources */,
				DF0EFCAB2EB63589008F5DAB /* Menu.cpp in Sources */,
				DF0EFCB02EB63589008F5DAB /* Item.cpp in Sources */,
				DF0EFCBB2EB63589008F5DAB /* HiScores.cpp in Sources */,
				DF0EFCCE2EB6358A008F5DAB /* ScrollingList.cpp in Sources */,
				DF0EFCD02EB6358A008F5DAB /* VideoBuilder.cpp in Sources */,
				DF0EFCA62EB63589008F5DAB /* JoyAxisHandler.cpp in Sources */,
				DF0EFCBC2EB63589008F5DAB /* MetadataDatabase.cpp in Sources */,
				DF0EFCB12EB63589008F5DAB /* CollectionInfoBuilder.cpp in Sources */,
				DF0EFCAE2EB63589008F5DAB /* Utils.cpp in Sources */,
				DF0EFCB42EB63589008F5DAB /* VideoPool.cpp in Sources */,
				DF0EFCC82EB6358A008F5DAB /* Image.cpp in Sources */,
				DF0EFCBD2EB63589008F5DAB /* Configuration.cpp in Sources */,
				DF0EFCD42EB6358A008F5DAB /* ThreadPool.cpp in Sources */,
				DF0EFCBE2EB63589008F5DAB /* Main.cpp in Sources */,
				DF0EFCC62EB6358A008F5DAB /* ReloadableHiscores.cpp in Sources */,
				DF0EFCA42EB63589008F5DAB /* KeyboardHandler.cpp in Sources */,
				DF0EFCC42EB6358A008F5DAB /* ComponentItemBinding.cpp in Sources */,
				DF0EFCA82EB63589008F5DAB /* JoyHatHandler.cpp in Sources */,
				DF0EFCA92EB63589008F5DAB /* UserInput.cpp in Sources */,
				DF0EFCC02EB6358A008F5DAB /* Tween.cpp in Sources */,
				DF0EFCD12EB6358A008F5DAB /* ReloadableText.cpp in Sources */,
				DF0EFCAC2EB63589008F5DAB /* Sound.cpp in Sources */,
				DF0EFCD62EB6358A008F5DAB /* PageBuilder.cpp in Sources */,
				DF0EFCB82EB63589008F5DAB /* Launcher.cpp in Sources */,
			);
			runOnlyForDeploymentPostprocessing = 0;
		};
/* End PBXSourcesBuildPhase section */

/* Begin XCBuildConfiguration section */
		1A414ECE2EDE45D28F88B87F /* Release */ = {
			isa = XCBuildConfiguration;
			buildSettings = {
				CLANG_WARN_COMMA = YES;
				CLANG_WARN_DEPRECATED_OBJC_IMPLEMENTATIONS = YES;
				CLANG_WARN_EMPTY_BODY = YES;
				CLANG_WARN_INFINITE_RECURSION = YES;
				CLANG_WARN_OBJC_IMPLICIT_RETAIN_SELF = YES;
				CLANG_WARN_QUOTED_INCLUDE_IN_FRAMEWORK_HEADER = NO;
				CLANG_WARN_RANGE_LOOP_ANALYSIS = YES;
				CLANG_WARN_STRICT_PROTOTYPES = YES;
				CLANG_WARN_SUSPICIOUS_MOVE = YES;
				CLANG_WARN_UNREACHABLE_CODE = YES;
				CLANG_WARN__DUPLICATE_METHOD_MATCH = YES;
				DEAD_CODE_STRIPPING = YES;
				ENABLE_STRICT_OBJC_MSGSEND = YES;
				GCC_NO_COMMON_BLOCKS = YES;
				GCC_WARN_64_TO_32_BIT_CONVERSION = NO;
				GCC_WARN_ABOUT_RETURN_TYPE = YES;
				GCC_WARN_UNINITIALIZED_AUTOS = YES;
				GCC_WARN_UNUSED_FUNCTION = YES;
				GCC_WARN_UNUSED_VARIABLE = YES;
				MACOSX_DEPLOYMENT_TARGET = 11.0;
				SDKROOT = macosx;
				SYMROOT = "$(PROJECT_DIR)/../xcode/build";
			};
			name = Release;
		};
		2BC18680D4D94DAE847A20F7 /* Release */ = {
			isa = XCBuildConfiguration;
			buildSettings = {
				ALWAYS_SEARCH_USER_PATHS = NO;
				ASSETCATALOG_COMPILER_INCLUDE_ALL_APPICON_ASSETS = NO;
				CLANG_CXX_LANGUAGE_STANDARD = "c++17";
				CLANG_ENABLE_MODULES = YES;
				CLANG_ENABLE_OBJC_WEAK = YES;
				CODE_SIGN_ENTITLEMENTS = retrofe.entitlements;
				CODE_SIGN_IDENTITY = "Apple Development";
				"CODE_SIGN_IDENTITY[sdk=macosx*]" = "-";
				CODE_SIGN_STYLE = Automatic;
				CONFIGURATION_BUILD_DIR = "$(PROJECT_DIR)/../Build/Release";
				COPY_PHASE_STRIP = NO;
				DEAD_CODE_STRIPPING = YES;
				DEVELOPMENT_TEAM = "";
				ENABLE_HARDENED_RUNTIME = YES;
				FRAMEWORK_SEARCH_PATHS = (
					"$(inherited)",
					"$(PROJECT_DIR)/../ThirdPartyMac",
				);
				GCC_FAST_MATH = YES;
				GCC_GENERATE_DEBUGGING_SYMBOLS = NO;
				GCC_INLINES_ARE_PRIVATE_EXTERN = NO;
				GCC_OPTIMIZATION_LEVEL = 3;
				GCC_UNROLL_LOOPS = NO;
				HEADER_SEARCH_PATHS = (
					"$(inherited)",
					"$(PROJECT_DIR)/../ThirdParty/sqlite3",
					"$(PROJECT_DIR)/../ThirdParty/rapidxml-1.13",
					"$(PROJECT_DIR)/../ThirdPartyMac/GStreamer.framework/Headers",
					/opt/homebrew/include,
					/usr/local/include,
				);
				INFOPLIST_FILE = "$(PROJECT_DIR)/../xcode/Info.plist";
				INFOPLIST_KEY_CFBundleDisplayName = RetroFE;
				LD_RUNPATH_SEARCH_PATHS = (
					"$(inherited)",
					"@executable_path/../Frameworks",
					"@executable_path/../Frameworks/GStreamer.framework/Libraries",
				);
				LIBRARY_SEARCH_PATHS = (
					"$(inherited)",
					"$(PROJECT_DIR)/../ThirdPartyMac/GStreamer.framework/Libraries",
					"$(PROJECT_DIR)/../ThirdPartyMac",
				);
				MACOSX_DEPLOYMENT_TARGET = 11.0;
				PRODUCT_BUNDLE_IDENTIFIER = org.coinops.RetroFE;
				PRODUCT_NAME = RetroFE;
				PROVISIONING_PROFILE_SPECIFIER = "";
			};
			name = Release;
		};
		2E242776098448CB9C4C4F7C /* Debug */ = {
			isa = XCBuildConfiguration;
			buildSettings = {
				ALWAYS_SEARCH_USER_PATHS = NO;
				ASSETCATALOG_COMPILER_INCLUDE_ALL_APPICON_ASSETS = NO;
				CLANG_CXX_LANGUAGE_STANDARD = "c++17";
				CLANG_ENABLE_MODULES = YES;
				CLANG_ENABLE_OBJC_WEAK = YES;
				CODE_SIGN_ENTITLEMENTS = retrofe.entitlements;
				CODE_SIGN_IDENTITY = "Apple Development";
				"CODE_SIGN_IDENTITY[sdk=macosx*]" = "-";
				CODE_SIGN_STYLE = Automatic;
				CONFIGURATION_BUILD_DIR = "$(PROJECT_DIR)/../Build/Debug";
				COPY_PHASE_STRIP = NO;
				DEAD_CODE_STRIPPING = YES;
				DEVELOPMENT_TEAM = "";
				ENABLE_HARDENED_RUNTIME = YES;
				FRAMEWORK_SEARCH_PATHS = (
					"$(inherited)",
					"$(PROJECT_DIR)/../ThirdPartyMac",
				);
				GCC_FAST_MATH = YES;
				GCC_GENERATE_DEBUGGING_SYMBOLS = YES;
				GCC_INLINES_ARE_PRIVATE_EXTERN = NO;
				GCC_OPTIMIZATION_LEVEL = 3;
				GCC_SYMBOLS_PRIVATE_EXTERN = NO;
				GCC_UNROLL_LOOPS = YES;
				HEADER_SEARCH_PATHS = (
					"$(inherited)",
					"$(PROJECT_DIR)/../ThirdParty/sqlite3",
					"$(PROJECT_DIR)/../ThirdParty/rapidxml-1.13",
					"$(PROJECT_DIR)/../ThirdPartyMac/GStreamer.framework/Headers",
					/opt/homebrew/include,
					/usr/local/include,
				);
				INFOPLIST_FILE = "$(PROJECT_DIR)/../xcode/Info.plist";
				INFOPLIST_KEY_CFBundleDisplayName = RetroFE;
				LD_RUNPATH_SEARCH_PATHS = (
					"$(inherited)",
					"@executable_path/../Frameworks",
					"@executable_path/../Frameworks/GStreamer.framework/Libraries",
				);
				LIBRARY_SEARCH_PATHS = (
					"$(inherited)",
					"$(PROJECT_DIR)/../ThirdPartyMac/GStreamer.framework/Libraries",
					"$(PROJECT_DIR)/../ThirdPartyMac",
				);
				MACOSX_DEPLOYMENT_TARGET = 11.0;
				PRODUCT_BUNDLE_IDENTIFIER = org.coinops.RetroFE;
				PRODUCT_NAME = RetroFE;
				PROVISIONING_PROFILE_SPECIFIER = "";
			};
			name = Debug;
		};
		99EC6DB07B854FBD88E113A6 /* Debug */ = {
			isa = XCBuildConfiguration;
			buildSettings = {
				CLANG_WARN_COMMA = YES;
				CLANG_WARN_DEPRECATED_OBJC_IMPLEMENTATIONS = YES;
				CLANG_WARN_EMPTY_BODY = YES;
				CLANG_WARN_INFINITE_RECURSION = YES;
				CLANG_WARN_OBJC_IMPLICIT_RETAIN_SELF = YES;
				CLANG_WARN_QUOTED_INCLUDE_IN_FRAMEWORK_HEADER = NO;
				CLANG_WARN_RANGE_LOOP_ANALYSIS = YES;
				CLANG_WARN_STRICT_PROTOTYPES = YES;
				CLANG_WARN_SUSPICIOUS_MOVE = YES;
				CLANG_WARN_UNREACHABLE_CODE = YES;
				CLANG_WARN__DUPLICATE_METHOD_MATCH = YES;
				DEAD_CODE_STRIPPING = YES;
				ENABLE_STRICT_OBJC_MSGSEND = YES;
				GCC_NO_COMMON_BLOCKS = YES;
				GCC_WARN_64_TO_32_BIT_CONVERSION = NO;
				GCC_WARN_ABOUT_RETURN_TYPE = YES;
				GCC_WARN_UNINITIALIZED_AUTOS = YES;
				GCC_WARN_UNUSED_FUNCTION = YES;
				GCC_WARN_UNUSED_VARIABLE = YES;
				MACOSX_DEPLOYMENT_TARGET = 11.0;
				ONLY_ACTIVE_ARCH = YES;
				SDKROOT = macosx;
				SYMROOT = "$(PROJECT_DIR)/../xcode/build";
			};
			name = Debug;
		};
/* End XCBuildConfiguration section */

/* Begin XCConfigurationList section */
		08FC2F3B09344060A0D4CF8E /* Build configuration list for PBXNativeTarget "retrofe" */ = {
			isa = XCConfigurationList;
			buildConfigurations = (
				2E242776098448CB9C4C4F7C /* Debug */,
				2BC18680D4D94DAE847A20F7 /* Release */,
			);
			defaultConfigurationIsVisible = 0;
			defaultConfigurationName = Release;
		};
		61A9781468EE4214A7EB7754 /* Build configuration list for PBXProject "retrofe" */ = {
			isa = XCConfigurationList;
			buildConfigurations = (
				99EC6DB07B854FBD88E113A6 /* Debug */,
				1A414ECE2EDE45D28F88B87F /* Release */,
			);
			defaultConfigurationIsVisible = 0;
			defaultConfigurationName = Release;
		};
/* End XCConfigurationList section */
	};
	rootObject = 21813F860C57421A9D50126D /* Project object */;
}
