// !$*UTF8*$!
{
	archiveVersion = 1;
	classes = {
	};
	objectVersion = 60;
	objects = {

/* Begin PBXBuildFile section */
		DF010EF92B4DDDAA0062DCCA /* SDL2_image.framework in Frameworks */ = {isa = PBXBuildFile; fileRef = DFF91E9F2B260B5B00507957 /* SDL2_image.framework */; };
		DF010EFA2B4DDDAA0062DCCA /* SDL2_image.framework in Embed Frameworks */ = {isa = PBXBuildFile; fileRef = DFF91E9F2B260B5B00507957 /* SDL2_image.framework */; settings = {ATTRIBUTES = (RemoveHeadersOnCopy, ); }; };
		DF010EFB2B4DDDAA0062DCCA /* SDL2_mixer.framework in Frameworks */ = {isa = PBXBuildFile; fileRef = DFF91E9B2B260B5B00507957 /* SDL2_mixer.framework */; };
		DF010EFC2B4DDDAA0062DCCA /* SDL2_mixer.framework in Embed Frameworks */ = {isa = PBXBuildFile; fileRef = DFF91E9B2B260B5B00507957 /* SDL2_mixer.framework */; settings = {ATTRIBUTES = (RemoveHeadersOnCopy, ); }; };
		DF010EFD2B4DDDAA0062DCCA /* SDL2_ttf.framework in Frameworks */ = {isa = PBXBuildFile; fileRef = DFF91E9E2B260B5B00507957 /* SDL2_ttf.framework */; };
		DF010EFE2B4DDDAA0062DCCA /* SDL2_ttf.framework in Embed Frameworks */ = {isa = PBXBuildFile; fileRef = DFF91E9E2B260B5B00507957 /* SDL2_ttf.framework */; settings = {ATTRIBUTES = (RemoveHeadersOnCopy, ); }; };
		DF010EFF2B4DDDAA0062DCCA /* SDL2.framework in Frameworks */ = {isa = PBXBuildFile; fileRef = DFF91E9C2B260B5B00507957 /* SDL2.framework */; };
		DF010F002B4DDDAA0062DCCA /* SDL2.framework in Embed Frameworks */ = {isa = PBXBuildFile; fileRef = DFF91E9C2B260B5B00507957 /* SDL2.framework */; settings = {ATTRIBUTES = (RemoveHeadersOnCopy, ); }; };
		DF07B3E52B2A14CE00B732CF /* GStreamer.framework in Frameworks */ = {isa = PBXBuildFile; fileRef = DF07B3E42B2A14CE00B732CF /* GStreamer.framework */; };
		DF07B3E62B2A14CE00B732CF /* GStreamer.framework in Embed Frameworks */ = {isa = PBXBuildFile; fileRef = DF07B3E42B2A14CE00B732CF /* GStreamer.framework */; settings = {ATTRIBUTES = (CodeSignOnCopy, RemoveHeadersOnCopy, ); }; };
		DF7798102DA2A04100A609F2 /*  in Resources */ = {isa = PBXBuildFile; fileRef = DF77980F2DA2A04100A609F2 /*  */; };
		DFC83C8A2D57973600AA7522 /* webp.framework in Embed Frameworks */ = {isa = PBXBuildFile; fileRef = DFC83C882D57973600AA7522 /* webp.framework */; settings = {ATTRIBUTES = (CodeSignOnCopy, RemoveHeadersOnCopy, ); }; };
		DFC83C8B2D57973600AA7522 /* libusb-1.0.0.dylib in Embed Frameworks */ = {isa = PBXBuildFile; fileRef = DFC83C892D57973600AA7522 /* libusb-1.0.0.dylib */; settings = {ATTRIBUTES = (CodeSignOnCopy, ); }; };
		DFC83C8D2D5797A200AA7522 /* IOKit.framework in Frameworks */ = {isa = PBXBuildFile; fileRef = DFC83C8C2D5797A200AA7522 /* IOKit.framework */; };
		DFC83C8F2D5797A700AA7522 /* CoreFoundation.framework in Frameworks */ = {isa = PBXBuildFile; fileRef = DFC83C8E2D5797A700AA7522 /* CoreFoundation.framework */; };
		DFC83C902D579B1500AA7522 /* webp.framework in Frameworks */ = {isa = PBXBuildFile; fileRef = DFC83C882D57973600AA7522 /* webp.framework */; };
		DFC83C912D579B1900AA7522 /* libusb-1.0.0.dylib in Frameworks */ = {isa = PBXBuildFile; fileRef = DFC83C892D57973600AA7522 /* libusb-1.0.0.dylib */; };
		DFC83C972D579B7800AA7522 /* libminizip.dylib in Frameworks */ = {isa = PBXBuildFile; fileRef = DFC83C962D579B7800AA7522 /* libminizip.dylib */; };
		DFC83C982D579C0A00AA7522 /* libminizip.dylib in Embed Frameworks */ = {isa = PBXBuildFile; fileRef = DFC83C962D579B7800AA7522 /* libminizip.dylib */; settings = {ATTRIBUTES = (CodeSignOnCopy, ); }; };
/* End PBXBuildFile section */

/* Begin PBXCopyFilesBuildPhase section */
		DFF91EAC2B26200900507957 /* Embed Frameworks */ = {
			isa = PBXCopyFilesBuildPhase;
			buildActionMask = 12;
			dstPath = "";
			dstSubfolderSpec = 10;
			files = (
				DFC83C982D579C0A00AA7522 /* libminizip.dylib in Embed Frameworks */,
				DFC83C8B2D57973600AA7522 /* libusb-1.0.0.dylib in Embed Frameworks */,
				DFC83C8A2D57973600AA7522 /* webp.framework in Embed Frameworks */,
				DF07B3E62B2A14CE00B732CF /* GStreamer.framework in Embed Frameworks */,
				DF010F002B4DDDAA0062DCCA /* SDL2.framework in Embed Frameworks */,
				DF010EFE2B4DDDAA0062DCCA /* SDL2_ttf.framework in Embed Frameworks */,
				DF010EFC2B4DDDAA0062DCCA /* SDL2_mixer.framework in Embed Frameworks */,
				DF010EFA2B4DDDAA0062DCCA /* SDL2_image.framework in Embed Frameworks */,
			);
			name = "Embed Frameworks";
			runOnlyForDeploymentPostprocessing = 0;
		};
/* End PBXCopyFilesBuildPhase section */

/* Begin PBXFileReference section */
		1B5B0776E6324B4195FFDB16 /* RetroFE.app */ = {isa = PBXFileReference; explicitFileType = wrapper.application; path = RetroFE.app; sourceTree = BUILT_PRODUCTS_DIR; };
		DF010EF62B4DD80C0062DCCA /* libc++.1.tbd */ = {isa = PBXFileReference; lastKnownFileType = "sourcecode.text-based-dylib-definition"; name = "libc++.1.tbd"; path = "../../../../../../../Applications/Xcode.app/Contents/Developer/Platforms/MacOSX.platform/Developer/SDKs/MacOSX14.0.sdk/usr/lib/libc++.1.tbd"; sourceTree = SOURCE_ROOT; };
		DF010EF72B4DD8150062DCCA /* libSystem.B.tbd */ = {isa = PBXFileReference; lastKnownFileType = "sourcecode.text-based-dylib-definition"; name = libSystem.B.tbd; path = ../../../../../../../Applications/Xcode.app/Contents/Developer/Platforms/MacOSX.platform/Developer/SDKs/MacOSX14.0.sdk/usr/lib/libSystem.B.tbd; sourceTree = SOURCE_ROOT; };
		DF010EF82B4DD81C0062DCCA /* libz.1.tbd */ = {isa = PBXFileReference; lastKnownFileType = "sourcecode.text-based-dylib-definition"; name = libz.1.tbd; path = ../../../../../../../Applications/Xcode.app/Contents/Developer/Platforms/MacOSX.platform/Developer/SDKs/MacOSX14.0.sdk/usr/lib/libz.1.tbd; sourceTree = SOURCE_ROOT; };
		DF07B3E42B2A14CE00B732CF /* GStreamer.framework */ = {isa = PBXFileReference; lastKnownFileType = wrapper.framework; name = GStreamer.framework; path = ../ThirdPartyMac/GStreamer.framework; sourceTree = SOURCE_ROOT; };
		DF77980F2DA2A04100A609F2 /*  */ = {isa = PBXFileReference; lastKnownFileType = folder; name = ""; sourceTree = "<group>"; };
		DFC83C882D57973600AA7522 /* webp.framework */ = {isa = PBXFileReference; lastKnownFileType = wrapper.framework; name = webp.framework; path = ../ThirdPartyMac/webp.framework; sourceTree = SOURCE_ROOT; };
		DFC83C892D57973600AA7522 /* libusb-1.0.0.dylib */ = {isa = PBXFileReference; lastKnownFileType = "compiled.mach-o.dylib"; name = "libusb-1.0.0.dylib"; path = "../ThirdPartyMac/libusb-1.0.0.dylib"; sourceTree = SOURCE_ROOT; };
		DFC83C8C2D5797A200AA7522 /* IOKit.framework */ = {isa = PBXFileReference; lastKnownFileType = wrapper.framework; name = IOKit.framework; path = ../../../../../../../Applications/Xcode.app/Contents/Developer/Platforms/MacOSX.platform/Developer/SDKs/MacOSX14.0.sdk/System/Library/Frameworks/IOKit.framework; sourceTree = SOURCE_ROOT; };
		DFC83C8E2D5797A700AA7522 /* CoreFoundation.framework */ = {isa = PBXFileReference; lastKnownFileType = wrapper.framework; name = CoreFoundation.framework; path = ../../../../../../../Applications/Xcode.app/Contents/Developer/Platforms/MacOSX.platform/Developer/SDKs/MacOSX14.0.sdk/System/Library/Frameworks/CoreFoundation.framework; sourceTree = SOURCE_ROOT; };
		DFC83C962D579B7800AA7522 /* libminizip.dylib */ = {isa = PBXFileReference; lastKnownFileType = "compiled.mach-o.dylib"; name = libminizip.dylib; path = ../ThirdPartyMac/libminizip.dylib; sourceTree = SOURCE_ROOT; };
		DFF91E9B2B260B5B00507957 /* SDL2_mixer.framework */ = {isa = PBXFileReference; lastKnownFileType = wrapper.framework; name = SDL2_mixer.framework; path = ../ThirdPartyMac/SDL2_mixer.framework; sourceTree = SOURCE_ROOT; };
		DFF91E9C2B260B5B00507957 /* SDL2.framework */ = {isa = PBXFileReference; lastKnownFileType = wrapper.framework; name = SDL2.framework; path = ../ThirdPartyMac/SDL2.framework; sourceTree = SOURCE_ROOT; };
		DFF91E9E2B260B5B00507957 /* SDL2_ttf.framework */ = {isa = PBXFileReference; lastKnownFileType = wrapper.framework; name = SDL2_ttf.framework; path = ../ThirdPartyMac/SDL2_ttf.framework; sourceTree = SOURCE_ROOT; };
		DFF91E9F2B260B5B00507957 /* SDL2_image.framework */ = {isa = PBXFileReference; lastKnownFileType = wrapper.framework; name = SDL2_image.framework; path = ../ThirdPartyMac/SDL2_image.framework; sourceTree = SOURCE_ROOT; };
/* End PBXFileReference section */

/* Begin PBXFrameworksBuildPhase section */
		2A7B1EA572134ECA84E6FDE2 /* Frameworks */ = {
			isa = PBXFrameworksBuildPhase;
			buildActionMask = 2147483647;
			files = (
				DF010EFF2B4DDDAA0062DCCA /* SDL2.framework in Frameworks */,
				DF010EFB2B4DDDAA0062DCCA /* SDL2_mixer.framework in Frameworks */,
				DF07B3E52B2A14CE00B732CF /* GStreamer.framework in Frameworks */,
				DFC83C8F2D5797A700AA7522 /* CoreFoundation.framework in Frameworks */,
				DF010EF92B4DDDAA0062DCCA /* SDL2_image.framework in Frameworks */,
				DF010EFD2B4DDDAA0062DCCA /* SDL2_ttf.framework in Frameworks */,
				DFC83C8D2D5797A200AA7522 /* IOKit.framework in Frameworks */,
				DFC83C972D579B7800AA7522 /* libminizip.dylib in Frameworks */,
				DFC83C902D579B1500AA7522 /* webp.framework in Frameworks */,
				DFC83C912D579B1900AA7522 /* libusb-1.0.0.dylib in Frameworks */,
			);
			runOnlyForDeploymentPostprocessing = 0;
		};
/* End PBXFrameworksBuildPhase section */

/* Begin PBXGroup section */
		339216F6BFE147B7B7F1B1E4 = {
			isa = PBXGroup;
			children = (
				DF77980F2DA2A04100A609F2 /*  */,
				DA3165AA0ABC4ABCBAD49511 /* Products */,
				D0A78259C0704D50B83B5260 /* Frameworks */,
			);
			sourceTree = "<group>";
		};
		D0A78259C0704D50B83B5260 /* Frameworks */ = {
			isa = PBXGroup;
			children = (
				DFC83C962D579B7800AA7522 /* libminizip.dylib */,
				DFC83C892D57973600AA7522 /* libusb-1.0.0.dylib */,
				DFC83C8E2D5797A700AA7522 /* CoreFoundation.framework */,
				DF07B3E42B2A14CE00B732CF /* GStreamer.framework */,
				DFC83C8C2D5797A200AA7522 /* IOKit.framework */,
				DFF91E9F2B260B5B00507957 /* SDL2_image.framework */,
				DFF91E9B2B260B5B00507957 /* SDL2_mixer.framework */,
				DFF91E9E2B260B5B00507957 /* SDL2_ttf.framework */,
				DFF91E9C2B260B5B00507957 /* SDL2.framework */,
				DFC83C882D57973600AA7522 /* webp.framework */,
				DF010EF62B4DD80C0062DCCA /* libc++.1.tbd */,
				DF010EF72B4DD8150062DCCA /* libSystem.B.tbd */,
				DF010EF82B4DD81C0062DCCA /* libz.1.tbd */,
			);
			name = Frameworks;
			sourceTree = SOURCE_ROOT;
		};
		DA3165AA0ABC4ABCBAD49511 /* Products */ = {
			isa = PBXGroup;
			children = (
				1B5B0776E6324B4195FFDB16 /* RetroFE.app */,
			);
			name = Products;
			sourceTree = SOURCE_ROOT;
		};
/* End PBXGroup section */

/* Begin PBXNativeTarget section */
		28DEFA88B73A4CA1825D0DDC /* retrofe */ = {
			isa = PBXNativeTarget;
			buildConfigurationList = 08FC2F3B09344060A0D4CF8E /* Build configuration list for PBXNativeTarget "retrofe" */;
			buildPhases = (
				DFB7B5A52B7276E400B7CCCE /* ShellScript */,
				381A2E200F614C28905EA636 /* Sources */,
				2A7B1EA572134ECA84E6FDE2 /* Frameworks */,
				DFF91EAC2B26200900507957 /* Embed Frameworks */,
				DF87A1782B152A7B00548E78 /* Resources */,
			);
			buildRules = (
			);
			dependencies = (
			);
			name = retrofe;
			productName = retrofe;
			productReference = 1B5B0776E6324B4195FFDB16 /* RetroFE.app */;
			productType = "com.apple.product-type.application";
		};
/* End PBXNativeTarget section */

/* Begin PBXProject section */
		21813F860C57421A9D50126D /* Project object */ = {
			isa = PBXProject;
			attributes = {
				BuildIndependentTargetsInParallel = YES;
				LastUpgradeCheck = 1500;
			};
			buildConfigurationList = 61A9781468EE4214A7EB7754 /* Build configuration list for PBXProject "retrofe" */;
			compatibilityVersion = "Xcode 15.0";
			developmentRegion = en;
			hasScannedForEncodings = 0;
			knownRegions = (
				en,
				Base,
			);
			mainGroup = 339216F6BFE147B7B7F1B1E4;
			projectDirPath = ../Source;
			projectRoot = "";
			targets = (
				28DEFA88B73A4CA1825D0DDC /* retrofe */,
			);
		};
/* End PBXProject section */

/* Begin PBXResourcesBuildPhase section */
		DF87A1782B152A7B00548E78 /* Resources */ = {
			isa = PBXResourcesBuildPhase;
			buildActionMask = 2147483647;
			files = (
				DF7798102DA2A04100A609F2 /*  in Resources */,
			);
			runOnlyForDeploymentPostprocessing = 0;
		};
/* End PBXResourcesBuildPhase section */

/* Begin PBXShellScriptBuildPhase section */
		DFB7B5A52B7276E400B7CCCE /* ShellScript */ = {
			isa = PBXShellScriptBuildPhase;
			alwaysOutOfDate = 1;
			buildActionMask = 2147483647;
			files = (
			);
			inputFileListPaths = (
			);
			inputPaths = (
			);
			outputFileListPaths = (
			);
			outputPaths = (
			);
			runOnlyForDeploymentPostprocessing = 0;
			shellPath = /bin/sh;
			shellScript = "# Type a script or drag a script file from your workspace to insert its path.\n${PROJECT_DIR}/../xcode/embed_commit.sh\n";
		};
/* End PBXShellScriptBuildPhase section */

/* Begin PBXSourcesBuildPhase section */
		381A2E200F614C28905EA636 /* Sources */ = {
			isa = PBXSourcesBuildPhase;
			buildActionMask = 2147483647;
			files = (
			);
			runOnlyForDeploymentPostprocessing = 0;
		};
/* End PBXSourcesBuildPhase section */

/* Begin XCBuildConfiguration section */
		1A414ECE2EDE45D28F88B87F /* Release */ = {
			isa = XCBuildConfiguration;
			buildSettings = {
				CLANG_WARN_COMMA = YES;
				CLANG_WARN_DEPRECATED_OBJC_IMPLEMENTATIONS = YES;
				CLANG_WARN_EMPTY_BODY = YES;
				CLANG_WARN_INFINITE_RECURSION = YES;
				CLANG_WARN_OBJC_IMPLICIT_RETAIN_SELF = YES;
				CLANG_WARN_QUOTED_INCLUDE_IN_FRAMEWORK_HEADER = NO;
				CLANG_WARN_RANGE_LOOP_ANALYSIS = YES;
				CLANG_WARN_STRICT_PROTOTYPES = YES;
				CLANG_WARN_SUSPICIOUS_MOVE = YES;
				CLANG_WARN_UNREACHABLE_CODE = YES;
				CLANG_WARN__DUPLICATE_METHOD_MATCH = YES;
				DEAD_CODE_STRIPPING = YES;
				ENABLE_STRICT_OBJC_MSGSEND = YES;
				GCC_NO_COMMON_BLOCKS = YES;
				GCC_WARN_64_TO_32_BIT_CONVERSION = NO;
				GCC_WARN_ABOUT_RETURN_TYPE = YES;
				GCC_WARN_UNINITIALIZED_AUTOS = YES;
				GCC_WARN_UNUSED_FUNCTION = YES;
				GCC_WARN_UNUSED_VARIABLE = YES;
				MACOSX_DEPLOYMENT_TARGET = 11.0;
				SDKROOT = macosx;
				SYMROOT = "$(PROJECT_DIR)/../xcode/build";
			};
			name = Release;
		};
		2BC18680D4D94DAE847A20F7 /* Release */ = {
			isa = XCBuildConfiguration;
			buildSettings = {
				ALWAYS_SEARCH_USER_PATHS = NO;
				ASSETCATALOG_COMPILER_INCLUDE_ALL_APPICON_ASSETS = NO;
				CLANG_CXX_LANGUAGE_STANDARD = "c++17";
				CLANG_ENABLE_MODULES = YES;
				CLANG_ENABLE_OBJC_WEAK = YES;
				CODE_SIGN_ENTITLEMENTS = retrofe.entitlements;
				CODE_SIGN_IDENTITY = "Apple Development";
				"CODE_SIGN_IDENTITY[sdk=macosx*]" = "-";
				CODE_SIGN_STYLE = Automatic;
				CONFIGURATION_BUILD_DIR = "$(PROJECT_DIR)/../Build/Release";
				COPY_PHASE_STRIP = NO;
				DEAD_CODE_STRIPPING = YES;
				DEVELOPMENT_TEAM = S3WCLDU5UR;
				ENABLE_HARDENED_RUNTIME = YES;
				FRAMEWORK_SEARCH_PATHS = (
					"$(inherited)",
					"$(PROJECT_DIR)/../ThirdPartyMac",
				);
				GCC_FAST_MATH = YES;
				GCC_GENERATE_DEBUGGING_SYMBOLS = NO;
				GCC_INLINES_ARE_PRIVATE_EXTERN = NO;
				GCC_OPTIMIZATION_LEVEL = 3;
				GCC_UNROLL_LOOPS = NO;
				HEADER_SEARCH_PATHS = (
					"$(inherited)",
					"$(PROJECT_DIR)/../ThirdParty/sqlite3",
					"$(PROJECT_DIR)/../ThirdParty/rapidxml-1.13",
					"$(PROJECT_DIR)/../ThirdPartyMac/GStreamer.framework/Headers",
					/opt/homebrew/include,
				);
				INFOPLIST_FILE = "$(PROJECT_DIR)/../xcode/Info.plist";
				INFOPLIST_KEY_CFBundleDisplayName = RetroFE;
				LD_RUNPATH_SEARCH_PATHS = (
					"$(inherited)",
					"@executable_path/../Frameworks",
					"@executable_path/../Frameworks/GStreamer.framework/Libraries",
				);
				LIBRARY_SEARCH_PATHS = (
					"$(inherited)",
					"$(PROJECT_DIR)/../ThirdPartyMac/GStreamer.framework/Libraries",
					"$(PROJECT_DIR)/../ThirdPartyMac",
				);
				MACOSX_DEPLOYMENT_TARGET = 11.0;
				MARKETING_VERSION = 0.10.34.5;
				PRODUCT_BUNDLE_IDENTIFIER = RetroFE;
				PRODUCT_NAME = RetroFE;
				PROVISIONING_PROFILE_SPECIFIER = "";
			};
			name = Release;
		};
		2E242776098448CB9C4C4F7C /* Debug */ = {
			isa = XCBuildConfiguration;
			buildSettings = {
				ALWAYS_SEARCH_USER_PATHS = NO;
				ASSETCATALOG_COMPILER_INCLUDE_ALL_APPICON_ASSETS = NO;
				CLANG_CXX_LANGUAGE_STANDARD = "c++17";
				CLANG_ENABLE_MODULES = YES;
				CLANG_ENABLE_OBJC_WEAK = YES;
				CODE_SIGN_ENTITLEMENTS = retrofe.entitlements;
				CODE_SIGN_IDENTITY = "Apple Development";
				"CODE_SIGN_IDENTITY[sdk=macosx*]" = "-";
				CODE_SIGN_STYLE = Automatic;
				CONFIGURATION_BUILD_DIR = "$(PROJECT_DIR)/../Build/Debug";
				COPY_PHASE_STRIP = NO;
				DEAD_CODE_STRIPPING = YES;
				DEVELOPMENT_TEAM = S3WCLDU5UR;
				ENABLE_HARDENED_RUNTIME = YES;
				FRAMEWORK_SEARCH_PATHS = (
					"$(inherited)",
					"$(PROJECT_DIR)/../ThirdPartyMac",
				);
				GCC_FAST_MATH = YES;
				GCC_GENERATE_DEBUGGING_SYMBOLS = YES;
				GCC_INLINES_ARE_PRIVATE_EXTERN = NO;
				GCC_OPTIMIZATION_LEVEL = 3;
				GCC_SYMBOLS_PRIVATE_EXTERN = NO;
				GCC_UNROLL_LOOPS = YES;
				HEADER_SEARCH_PATHS = (
					"$(inherited)",
					"$(PROJECT_DIR)/../ThirdParty/sqlite3",
					"$(PROJECT_DIR)/../ThirdParty/rapidxml-1.13",
					"$(PROJECT_DIR)/../ThirdPartyMac/GStreamer.framework/Headers",
					/opt/homebrew/include,
				);
				INFOPLIST_FILE = "$(PROJECT_DIR)/../xcode/Info.plist";
				INFOPLIST_KEY_CFBundleDisplayName = RetroFE;
				LD_RUNPATH_SEARCH_PATHS = (
					"$(inherited)",
					"@executable_path/../Frameworks",
					"@executable_path/../Frameworks/GStreamer.framework/Libraries",
				);
				LIBRARY_SEARCH_PATHS = (
					"$(inherited)",
					"$(PROJECT_DIR)/../ThirdPartyMac/GStreamer.framework/Libraries",
					"$(PROJECT_DIR)/../ThirdPartyMac",
				);
				MACOSX_DEPLOYMENT_TARGET = 11.0;
				MARKETING_VERSION = 0.10.34.5;
				PRODUCT_BUNDLE_IDENTIFIER = RetroFE;
				PRODUCT_NAME = RetroFE;
				PROVISIONING_PROFILE_SPECIFIER = "";
			};
			name = Debug;
		};
		99EC6DB07B854FBD88E113A6 /* Debug */ = {
			isa = XCBuildConfiguration;
			buildSettings = {
				CLANG_WARN_COMMA = YES;
				CLANG_WARN_DEPRECATED_OBJC_IMPLEMENTATIONS = YES;
				CLANG_WARN_EMPTY_BODY = YES;
				CLANG_WARN_INFINITE_RECURSION = YES;
				CLANG_WARN_OBJC_IMPLICIT_RETAIN_SELF = YES;
				CLANG_WARN_QUOTED_INCLUDE_IN_FRAMEWORK_HEADER = NO;
				CLANG_WARN_RANGE_LOOP_ANALYSIS = YES;
				CLANG_WARN_STRICT_PROTOTYPES = YES;
				CLANG_WARN_SUSPICIOUS_MOVE = YES;
				CLANG_WARN_UNREACHABLE_CODE = YES;
				CLANG_WARN__DUPLICATE_METHOD_MATCH = YES;
				DEAD_CODE_STRIPPING = YES;
				ENABLE_STRICT_OBJC_MSGSEND = YES;
				GCC_NO_COMMON_BLOCKS = YES;
				GCC_WARN_64_TO_32_BIT_CONVERSION = NO;
				GCC_WARN_ABOUT_RETURN_TYPE = YES;
				GCC_WARN_UNINITIALIZED_AUTOS = YES;
				GCC_WARN_UNUSED_FUNCTION = YES;
				GCC_WARN_UNUSED_VARIABLE = YES;
				MACOSX_DEPLOYMENT_TARGET = 11.0;
				ONLY_ACTIVE_ARCH = YES;
				SDKROOT = macosx;
				SYMROOT = "$(PROJECT_DIR)/../xcode/build";
			};
			name = Debug;
		};
/* End XCBuildConfiguration section */

/* Begin XCConfigurationList section */
		08FC2F3B09344060A0D4CF8E /* Build configuration list for PBXNativeTarget "retrofe" */ = {
			isa = XCConfigurationList;
			buildConfigurations = (
				2E242776098448CB9C4C4F7C /* Debug */,
				2BC18680D4D94DAE847A20F7 /* Release */,
			);
			defaultConfigurationIsVisible = 0;
			defaultConfigurationName = Release;
		};
		61A9781468EE4214A7EB7754 /* Build configuration list for PBXProject "retrofe" */ = {
			isa = XCConfigurationList;
			buildConfigurations = (
				99EC6DB07B854FBD88E113A6 /* Debug */,
				1A414ECE2EDE45D28F88B87F /* Release */,
			);
			defaultConfigurationIsVisible = 0;
			defaultConfigurationName = Release;
		};
/* End XCConfigurationList section */
	};
	rootObject = 21813F860C57421A9D50126D /* Project object */;
}
